{
  "name": "aws-cdk-lib",
  "version": "0.0.0",
  "lockfileVersion": 2,
  "requires": true,
  "packages": {
    "": {
      "name": "aws-cdk-lib",
      "version": "0.0.0",
      "bundleDependencies": [
        "@balena/dockerignore",
        "case",
        "fs-extra",
        "ignore",
        "jsonschema",
        "minimatch",
        "punycode",
        "semver",
        "yaml"
      ],
      "license": "Apache-2.0",
      "dependencies": {
        "@balena/dockerignore": "^1.0.2",
        "case": "1.6.3",
        "fs-extra": "^9.1.0",
        "ignore": "^5.2.0",
        "jsonschema": "^1.4.0",
        "minimatch": "^3.1.2",
        "punycode": "^2.1.1",
        "semver": "^7.3.6",
        "yaml": "1.10.2"
      },
      "devDependencies": {
        "@types/fs-extra": "^8.1.2",
        "@types/node": "^10.17.60",
        "constructs": "^10.0.0",
        "esbuild": "^0.14.34",
        "fs-extra": "^9.1.0",
        "ts-node": "^9.1.1",
        "typescript": "~3.8.3"
      },
      "engines": {
        "node": ">= 14.15.0"
      },
      "peerDependencies": {
        "constructs": "^10.0.0"
      }
    },
    "node_modules/@balena/dockerignore": {
      "version": "1.0.2",
      "resolved": "https://registry.npmjs.org/@balena/dockerignore/-/dockerignore-1.0.2.tgz",
      "integrity": "sha512-wMue2Sy4GAVTk6Ic4tJVcnfdau+gx2EnG7S+uAEe+TWJFqE4YoWN4/H8MSLj4eYJKxGg26lZwboEniNiNwZQ6Q==",
      "inBundle": true
    },
    "node_modules/@types/fs-extra": {
      "version": "8.1.2",
      "resolved": "https://registry.npmjs.org/@types/fs-extra/-/fs-extra-8.1.2.tgz",
      "integrity": "sha512-SvSrYXfWSc7R4eqnOzbQF4TZmfpNSM9FrSWLU3EUnWBuyZqNBOrv1B1JA3byUDPUl9z4Ab3jeZG2eDdySlgNMg==",
      "dev": true,
      "dependencies": {
        "@types/node": "*"
      }
    },
    "node_modules/@types/node": {
      "version": "10.17.60",
      "resolved": "https://registry.npmjs.org/@types/node/-/node-10.17.60.tgz",
      "integrity": "sha512-F0KIgDJfy2nA3zMLmWGKxcH2ZVEtCZXHHdOQs2gSaQ27+lNeEfGxzkIw90aXswATX7AZ33tahPbzy6KAfUreVw==",
      "dev": true
    },
    "node_modules/arg": {
      "version": "4.1.3",
      "resolved": "https://registry.npmjs.org/arg/-/arg-4.1.3.tgz",
      "integrity": "sha512-58S9QDqG0Xx27YwPSt9fJxivjYl432YCwfDMfZ+71RAqUrZef7LrKQZ3LHLOwCS4FLNBplP533Zx895SeOCHvA==",
      "dev": true
    },
    "node_modules/at-least-node": {
      "version": "1.0.0",
      "resolved": "https://registry.npmjs.org/at-least-node/-/at-least-node-1.0.0.tgz",
      "integrity": "sha512-+q/t7Ekv1EDY2l6Gda6LLiX14rU9TV20Wa3ofeQmwPFZbOMo9DXrLbOjFaaclkXKWidIaopwAObQDqwWtGUjqg==",
      "dev": true,
      "inBundle": true,
      "engines": {
        "node": ">= 4.0.0"
      }
    },
    "node_modules/balanced-match": {
      "version": "1.0.2",
      "resolved": "https://registry.npmjs.org/balanced-match/-/balanced-match-1.0.2.tgz",
      "integrity": "sha512-3oSeUO0TMV67hN1AmbXsK4yaqU7tjiHlbxRDZOpH0KW9+CeX4bRAaX0Anxt0tx2MrpRpWwQaPwIlISEJhYU5Pw==",
      "inBundle": true
    },
    "node_modules/brace-expansion": {
      "version": "1.1.11",
      "resolved": "https://registry.npmjs.org/brace-expansion/-/brace-expansion-1.1.11.tgz",
      "integrity": "sha512-iCuPHDFgrHX7H2vEI/5xpz07zSHB00TpugqhmYtVmMO6518mCuRMoOYFldEBl0g187ufozdaHgWKcYFb61qGiA==",
      "inBundle": true,
      "dependencies": {
        "balanced-match": "^1.0.0",
        "concat-map": "0.0.1"
      }
    },
    "node_modules/buffer-from": {
      "version": "1.1.2",
      "resolved": "https://registry.npmjs.org/buffer-from/-/buffer-from-1.1.2.tgz",
      "integrity": "sha512-E+XQCRwSbaaiChtv6k6Dwgc+bx+Bs6vuKJHHl5kox/BaKbhiXzqQOwK4cO22yElGp2OCmjwVhT3HmxgyPGnJfQ==",
      "dev": true
    },
    "node_modules/case": {
      "version": "1.6.3",
      "resolved": "https://registry.npmjs.org/case/-/case-1.6.3.tgz",
      "integrity": "sha512-mzDSXIPaFwVDvZAHqZ9VlbyF4yyXRuX6IvB06WvPYkqJVO24kX1PPhv9bfpKNFZyxYFmmgo03HUiD8iklmJYRQ==",
      "inBundle": true,
      "engines": {
        "node": ">= 0.8.0"
      }
    },
    "node_modules/concat-map": {
      "version": "0.0.1",
      "resolved": "https://registry.npmjs.org/concat-map/-/concat-map-0.0.1.tgz",
      "integrity": "sha1-2Klr13/Wjfd5OnMDajug1UBdR3s=",
      "inBundle": true
    },
    "node_modules/constructs": {
      "version": "10.0.130",
      "resolved": "https://registry.npmjs.org/constructs/-/constructs-10.0.130.tgz",
      "integrity": "sha512-9LYBePJHHnuXCr42eN0T4+O8xXHRxxak6G/UX+avt8ZZ/SNE9HFbFD8a+FKP8ixSNzzaEamDMswrMwPPTtU8cA==",
      "dev": true,
      "engines": {
        "node": ">= 12.7.0"
      }
    },
    "node_modules/create-require": {
      "version": "1.1.1",
      "resolved": "https://registry.npmjs.org/create-require/-/create-require-1.1.1.tgz",
      "integrity": "sha512-dcKFX3jn0MpIaXjisoRvexIJVEKzaq7z2rZKxf+MSr9TkdmHmsU4m2lcLojrj/FHl8mk5VxMmYA+ftRkP/3oKQ==",
      "dev": true
    },
    "node_modules/diff": {
      "version": "4.0.2",
      "resolved": "https://registry.npmjs.org/diff/-/diff-4.0.2.tgz",
      "integrity": "sha512-58lmxKSA4BNyLz+HHMUzlOEpg09FV+ev6ZMe3vJihgdxzgcwZ8VoEEPmALCZG9LmqfVoNMMKpttIYTVG6uDY7A==",
      "dev": true,
      "engines": {
        "node": ">=0.3.1"
      }
    },
    "node_modules/esbuild": {
      "version": "0.14.38",
      "resolved": "https://registry.npmjs.org/esbuild/-/esbuild-0.14.38.tgz",
      "integrity": "sha512-12fzJ0fsm7gVZX1YQ1InkOE5f9Tl7cgf6JPYXRJtPIoE0zkWAbHdPHVPPaLi9tYAcEBqheGzqLn/3RdTOyBfcA==",
      "dev": true,
      "hasInstallScript": true,
      "bin": {
        "esbuild": "bin/esbuild"
      },
      "engines": {
        "node": ">=12"
      },
      "optionalDependencies": {
        "esbuild-android-64": "0.14.38",
        "esbuild-android-arm64": "0.14.38",
        "esbuild-darwin-64": "0.14.38",
        "esbuild-darwin-arm64": "0.14.38",
        "esbuild-freebsd-64": "0.14.38",
        "esbuild-freebsd-arm64": "0.14.38",
        "esbuild-linux-32": "0.14.38",
        "esbuild-linux-64": "0.14.38",
        "esbuild-linux-arm": "0.14.38",
        "esbuild-linux-arm64": "0.14.38",
        "esbuild-linux-mips64le": "0.14.38",
        "esbuild-linux-ppc64le": "0.14.38",
        "esbuild-linux-riscv64": "0.14.38",
        "esbuild-linux-s390x": "0.14.38",
        "esbuild-netbsd-64": "0.14.38",
        "esbuild-openbsd-64": "0.14.38",
        "esbuild-sunos-64": "0.14.38",
        "esbuild-windows-32": "0.14.38",
        "esbuild-windows-64": "0.14.38",
        "esbuild-windows-arm64": "0.14.38"
      }
    },
    "node_modules/esbuild-android-64": {
      "version": "0.14.38",
      "resolved": "https://registry.npmjs.org/esbuild-android-64/-/esbuild-android-64-0.14.38.tgz",
      "integrity": "sha512-aRFxR3scRKkbmNuGAK+Gee3+yFxkTJO/cx83Dkyzo4CnQl/2zVSurtG6+G86EQIZ+w+VYngVyK7P3HyTBKu3nw==",
      "cpu": [
        "x64"
      ],
      "dev": true,
      "optional": true,
      "os": [
        "android"
      ],
      "engines": {
        "node": ">=12"
      }
    },
    "node_modules/esbuild-android-arm64": {
      "version": "0.14.38",
      "resolved": "https://registry.npmjs.org/esbuild-android-arm64/-/esbuild-android-arm64-0.14.38.tgz",
      "integrity": "sha512-L2NgQRWuHFI89IIZIlpAcINy9FvBk6xFVZ7xGdOwIm8VyhX1vNCEqUJO3DPSSy945Gzdg98cxtNt8Grv1CsyhA==",
      "cpu": [
        "arm64"
      ],
      "dev": true,
      "optional": true,
      "os": [
        "android"
      ],
      "engines": {
        "node": ">=12"
      }
    },
    "node_modules/esbuild-darwin-64": {
      "version": "0.14.38",
      "resolved": "https://registry.npmjs.org/esbuild-darwin-64/-/esbuild-darwin-64-0.14.38.tgz",
      "integrity": "sha512-5JJvgXkX87Pd1Og0u/NJuO7TSqAikAcQQ74gyJ87bqWRVeouky84ICoV4sN6VV53aTW+NE87qLdGY4QA2S7KNA==",
      "cpu": [
        "x64"
      ],
      "dev": true,
      "optional": true,
      "os": [
        "darwin"
      ],
      "engines": {
        "node": ">=12"
      }
    },
    "node_modules/esbuild-darwin-arm64": {
      "version": "0.14.38",
      "resolved": "https://registry.npmjs.org/esbuild-darwin-arm64/-/esbuild-darwin-arm64-0.14.38.tgz",
      "integrity": "sha512-eqF+OejMI3mC5Dlo9Kdq/Ilbki9sQBw3QlHW3wjLmsLh+quNfHmGMp3Ly1eWm981iGBMdbtSS9+LRvR2T8B3eQ==",
      "cpu": [
        "arm64"
      ],
      "dev": true,
      "optional": true,
      "os": [
        "darwin"
      ],
      "engines": {
        "node": ">=12"
      }
    },
    "node_modules/esbuild-freebsd-64": {
      "version": "0.14.38",
      "resolved": "https://registry.npmjs.org/esbuild-freebsd-64/-/esbuild-freebsd-64-0.14.38.tgz",
      "integrity": "sha512-epnPbhZUt93xV5cgeY36ZxPXDsQeO55DppzsIgWM8vgiG/Rz+qYDLmh5ts3e+Ln1wA9dQ+nZmVHw+RjaW3I5Ig==",
      "cpu": [
        "x64"
      ],
      "dev": true,
      "optional": true,
      "os": [
        "freebsd"
      ],
      "engines": {
        "node": ">=12"
      }
    },
    "node_modules/esbuild-freebsd-arm64": {
      "version": "0.14.38",
      "resolved": "https://registry.npmjs.org/esbuild-freebsd-arm64/-/esbuild-freebsd-arm64-0.14.38.tgz",
      "integrity": "sha512-/9icXUYJWherhk+y5fjPI5yNUdFPtXHQlwP7/K/zg8t8lQdHVj20SqU9/udQmeUo5pDFHMYzcEFfJqgOVeKNNQ==",
      "cpu": [
        "arm64"
      ],
      "dev": true,
      "optional": true,
      "os": [
        "freebsd"
      ],
      "engines": {
        "node": ">=12"
      }
    },
    "node_modules/esbuild-linux-32": {
      "version": "0.14.38",
      "resolved": "https://registry.npmjs.org/esbuild-linux-32/-/esbuild-linux-32-0.14.38.tgz",
      "integrity": "sha512-QfgfeNHRFvr2XeHFzP8kOZVnal3QvST3A0cgq32ZrHjSMFTdgXhMhmWdKzRXP/PKcfv3e2OW9tT9PpcjNvaq6g==",
      "cpu": [
        "ia32"
      ],
      "dev": true,
      "optional": true,
      "os": [
        "linux"
      ],
      "engines": {
        "node": ">=12"
      }
    },
    "node_modules/esbuild-linux-64": {
      "version": "0.14.38",
      "resolved": "https://registry.npmjs.org/esbuild-linux-64/-/esbuild-linux-64-0.14.38.tgz",
      "integrity": "sha512-uuZHNmqcs+Bj1qiW9k/HZU3FtIHmYiuxZ/6Aa+/KHb/pFKr7R3aVqvxlAudYI9Fw3St0VCPfv7QBpUITSmBR1Q==",
      "cpu": [
        "x64"
      ],
      "dev": true,
      "optional": true,
      "os": [
        "linux"
      ],
      "engines": {
        "node": ">=12"
      }
    },
    "node_modules/esbuild-linux-arm": {
      "version": "0.14.38",
      "resolved": "https://registry.npmjs.org/esbuild-linux-arm/-/esbuild-linux-arm-0.14.38.tgz",
      "integrity": "sha512-FiFvQe8J3VKTDXG01JbvoVRXQ0x6UZwyrU4IaLBZeq39Bsbatd94Fuc3F1RGqPF5RbIWW7RvkVQjn79ejzysnA==",
      "cpu": [
        "arm"
      ],
      "dev": true,
      "optional": true,
      "os": [
        "linux"
      ],
      "engines": {
        "node": ">=12"
      }
    },
    "node_modules/esbuild-linux-arm64": {
      "version": "0.14.38",
      "resolved": "https://registry.npmjs.org/esbuild-linux-arm64/-/esbuild-linux-arm64-0.14.38.tgz",
      "integrity": "sha512-HlMGZTEsBrXrivr64eZ/EO0NQM8H8DuSENRok9d+Jtvq8hOLzrxfsAT9U94K3KOGk2XgCmkaI2KD8hX7F97lvA==",
      "cpu": [
        "arm64"
      ],
      "dev": true,
      "optional": true,
      "os": [
        "linux"
      ],
      "engines": {
        "node": ">=12"
      }
    },
    "node_modules/esbuild-linux-mips64le": {
      "version": "0.14.38",
      "resolved": "https://registry.npmjs.org/esbuild-linux-mips64le/-/esbuild-linux-mips64le-0.14.38.tgz",
      "integrity": "sha512-qd1dLf2v7QBiI5wwfil9j0HG/5YMFBAmMVmdeokbNAMbcg49p25t6IlJFXAeLzogv1AvgaXRXvgFNhScYEUXGQ==",
      "cpu": [
        "mips64el"
      ],
      "dev": true,
      "optional": true,
      "os": [
        "linux"
      ],
      "engines": {
        "node": ">=12"
      }
    },
    "node_modules/esbuild-linux-ppc64le": {
      "version": "0.14.38",
      "resolved": "https://registry.npmjs.org/esbuild-linux-ppc64le/-/esbuild-linux-ppc64le-0.14.38.tgz",
      "integrity": "sha512-mnbEm7o69gTl60jSuK+nn+pRsRHGtDPfzhrqEUXyCl7CTOCLtWN2bhK8bgsdp6J/2NyS/wHBjs1x8aBWwP2X9Q==",
      "cpu": [
        "ppc64"
      ],
      "dev": true,
      "optional": true,
      "os": [
        "linux"
      ],
      "engines": {
        "node": ">=12"
      }
    },
    "node_modules/esbuild-linux-riscv64": {
      "version": "0.14.38",
      "resolved": "https://registry.npmjs.org/esbuild-linux-riscv64/-/esbuild-linux-riscv64-0.14.38.tgz",
      "integrity": "sha512-+p6YKYbuV72uikChRk14FSyNJZ4WfYkffj6Af0/Tw63/6TJX6TnIKE+6D3xtEc7DeDth1fjUOEqm+ApKFXbbVQ==",
      "cpu": [
        "riscv64"
      ],
      "dev": true,
      "optional": true,
      "os": [
        "linux"
      ],
      "engines": {
        "node": ">=12"
      }
    },
    "node_modules/esbuild-linux-s390x": {
      "version": "0.14.38",
      "resolved": "https://registry.npmjs.org/esbuild-linux-s390x/-/esbuild-linux-s390x-0.14.38.tgz",
      "integrity": "sha512-0zUsiDkGJiMHxBQ7JDU8jbaanUY975CdOW1YDrurjrM0vWHfjv9tLQsW9GSyEb/heSK1L5gaweRjzfUVBFoybQ==",
      "cpu": [
        "s390x"
      ],
      "dev": true,
      "optional": true,
      "os": [
        "linux"
      ],
      "engines": {
        "node": ">=12"
      }
    },
    "node_modules/esbuild-netbsd-64": {
      "version": "0.14.38",
      "resolved": "https://registry.npmjs.org/esbuild-netbsd-64/-/esbuild-netbsd-64-0.14.38.tgz",
      "integrity": "sha512-cljBAApVwkpnJZfnRVThpRBGzCi+a+V9Ofb1fVkKhtrPLDYlHLrSYGtmnoTVWDQdU516qYI8+wOgcGZ4XIZh0Q==",
      "cpu": [
        "x64"
      ],
      "dev": true,
      "optional": true,
      "os": [
        "netbsd"
      ],
      "engines": {
        "node": ">=12"
      }
    },
    "node_modules/esbuild-openbsd-64": {
      "version": "0.14.38",
      "resolved": "https://registry.npmjs.org/esbuild-openbsd-64/-/esbuild-openbsd-64-0.14.38.tgz",
      "integrity": "sha512-CDswYr2PWPGEPpLDUO50mL3WO/07EMjnZDNKpmaxUPsrW+kVM3LoAqr/CE8UbzugpEiflYqJsGPLirThRB18IQ==",
      "cpu": [
        "x64"
      ],
      "dev": true,
      "optional": true,
      "os": [
        "openbsd"
      ],
      "engines": {
        "node": ">=12"
      }
    },
    "node_modules/esbuild-sunos-64": {
      "version": "0.14.38",
      "resolved": "https://registry.npmjs.org/esbuild-sunos-64/-/esbuild-sunos-64-0.14.38.tgz",
      "integrity": "sha512-2mfIoYW58gKcC3bck0j7lD3RZkqYA7MmujFYmSn9l6TiIcAMpuEvqksO+ntBgbLep/eyjpgdplF7b+4T9VJGOA==",
      "cpu": [
        "x64"
      ],
      "dev": true,
      "optional": true,
      "os": [
        "sunos"
      ],
      "engines": {
        "node": ">=12"
      }
    },
    "node_modules/esbuild-windows-32": {
      "version": "0.14.38",
      "resolved": "https://registry.npmjs.org/esbuild-windows-32/-/esbuild-windows-32-0.14.38.tgz",
      "integrity": "sha512-L2BmEeFZATAvU+FJzJiRLFUP+d9RHN+QXpgaOrs2klshoAm1AE6Us4X6fS9k33Uy5SzScn2TpcgecbqJza1Hjw==",
      "cpu": [
        "ia32"
      ],
      "dev": true,
      "optional": true,
      "os": [
        "win32"
      ],
      "engines": {
        "node": ">=12"
      }
    },
    "node_modules/esbuild-windows-64": {
      "version": "0.14.38",
      "resolved": "https://registry.npmjs.org/esbuild-windows-64/-/esbuild-windows-64-0.14.38.tgz",
      "integrity": "sha512-Khy4wVmebnzue8aeSXLC+6clo/hRYeNIm0DyikoEqX+3w3rcvrhzpoix0S+MF9vzh6JFskkIGD7Zx47ODJNyCw==",
      "cpu": [
        "x64"
      ],
      "dev": true,
      "optional": true,
      "os": [
        "win32"
      ],
      "engines": {
        "node": ">=12"
      }
    },
    "node_modules/esbuild-windows-arm64": {
      "version": "0.14.38",
      "resolved": "https://registry.npmjs.org/esbuild-windows-arm64/-/esbuild-windows-arm64-0.14.38.tgz",
      "integrity": "sha512-k3FGCNmHBkqdJXuJszdWciAH77PukEyDsdIryEHn9cKLQFxzhT39dSumeTuggaQcXY57UlmLGIkklWZo2qzHpw==",
      "cpu": [
        "arm64"
      ],
      "dev": true,
      "optional": true,
      "os": [
        "win32"
      ],
      "engines": {
        "node": ">=12"
      }
    },
    "node_modules/fs-extra": {
      "version": "9.1.0",
      "resolved": "https://registry.npmjs.org/fs-extra/-/fs-extra-9.1.0.tgz",
      "integrity": "sha512-hcg3ZmepS30/7BSFqRvoo3DOMQu7IjqxO5nCDt+zM9XWjb33Wg7ziNT+Qvqbuc3+gWpzO02JubVyk2G4Zvo1OQ==",
      "dev": true,
      "inBundle": true,
      "dependencies": {
        "at-least-node": "^1.0.0",
        "graceful-fs": "^4.2.0",
        "jsonfile": "^6.0.1",
        "universalify": "^2.0.0"
      },
      "engines": {
        "node": ">=10"
      }
    },
    "node_modules/graceful-fs": {
      "version": "4.2.10",
      "resolved": "https://registry.npmjs.org/graceful-fs/-/graceful-fs-4.2.10.tgz",
      "integrity": "sha512-9ByhssR2fPVsNZj478qUUbKfmL0+t5BDVyjShtyZZLiK7ZDAArFFfopyOTj0M05wE2tJPisA4iTnnXl2YoPvOA==",
      "dev": true,
      "inBundle": true
    },
    "node_modules/ignore": {
      "version": "5.2.0",
      "resolved": "https://registry.npmjs.org/ignore/-/ignore-5.2.0.tgz",
      "integrity": "sha512-CmxgYGiEPCLhfLnpPp1MoRmifwEIOgjcHXxOBjv7mY96c+eWScsOP9c112ZyLdWHi0FxHjI+4uVhKYp/gcdRmQ==",
      "inBundle": true,
      "engines": {
        "node": ">= 4"
      }
    },
    "node_modules/jsonfile": {
      "version": "6.1.0",
      "resolved": "https://registry.npmjs.org/jsonfile/-/jsonfile-6.1.0.tgz",
      "integrity": "sha512-5dgndWOriYSm5cnYaJNhalLNDKOqFwyDB/rr1E9ZsGciGvKPs8R2xYGCacuf3z6K1YKDz182fd+fY3cn3pMqXQ==",
      "dev": true,
      "inBundle": true,
      "dependencies": {
        "universalify": "^2.0.0"
      },
      "optionalDependencies": {
        "graceful-fs": "^4.1.6"
      }
    },
    "node_modules/jsonschema": {
      "version": "1.4.0",
      "resolved": "https://registry.npmjs.org/jsonschema/-/jsonschema-1.4.0.tgz",
      "integrity": "sha512-/YgW6pRMr6M7C+4o8kS+B/2myEpHCrxO4PEWnqJNBFMjn7EWXqlQ4tGwL6xTHeRplwuZmcAncdvfOad1nT2yMw==",
      "inBundle": true,
      "engines": {
        "node": "*"
      }
    },
    "node_modules/lru-cache": {
      "version": "6.0.0",
      "resolved": "https://registry.npmjs.org/lru-cache/-/lru-cache-6.0.0.tgz",
      "integrity": "sha512-Jo6dJ04CmSjuznwJSS3pUeWmd/H0ffTlkXXgwZi+eq1UCmqQwCh+eLsYOYCwY991i2Fah4h1BEMCx4qThGbsiA==",
      "inBundle": true,
      "dependencies": {
        "yallist": "^4.0.0"
      },
      "engines": {
        "node": ">=10"
      }
    },
    "node_modules/make-error": {
      "version": "1.3.6",
      "resolved": "https://registry.npmjs.org/make-error/-/make-error-1.3.6.tgz",
      "integrity": "sha512-s8UhlNe7vPKomQhC1qFelMokr/Sc3AgNbso3n74mVPA5LTZwkB9NlXf4XPamLxJE8h0gh73rM94xvwRT2CVInw==",
      "dev": true
    },
    "node_modules/minimatch": {
      "version": "3.1.2",
      "resolved": "https://registry.npmjs.org/minimatch/-/minimatch-3.1.2.tgz",
      "integrity": "sha512-J7p63hRiAjw1NDEww1W7i37+ByIrOWO5XQQAzZ3VOcL0PNybwpfmV/N05zFAzwQ9USyEcX6t3UO+K5aqBQOIHw==",
      "inBundle": true,
      "dependencies": {
        "brace-expansion": "^1.1.7"
      },
      "engines": {
        "node": "*"
      }
    },
    "node_modules/punycode": {
      "version": "2.1.1",
      "resolved": "https://registry.npmjs.org/punycode/-/punycode-2.1.1.tgz",
      "integrity": "sha512-XRsRjdf+j5ml+y/6GKHPZbrF/8p2Yga0JPtdqTIY2Xe5ohJPD9saDJJLPvp9+NSBprVvevdXZybnj2cv8OEd0A==",
      "inBundle": true,
      "engines": {
        "node": ">=6"
      }
    },
    "node_modules/semver": {
      "version": "7.3.7",
      "resolved": "https://registry.npmjs.org/semver/-/semver-7.3.7.tgz",
      "integrity": "sha512-QlYTucUYOews+WeEujDoEGziz4K6c47V/Bd+LjSSYcA94p+DmINdf7ncaUinThfvZyu13lN9OY1XDxt8C0Tw0g==",
      "inBundle": true,
      "dependencies": {
        "lru-cache": "^6.0.0"
      },
      "bin": {
        "semver": "bin/semver.js"
      },
      "engines": {
        "node": ">=10"
      }
    },
    "node_modules/source-map": {
      "version": "0.6.1",
      "resolved": "https://registry.npmjs.org/source-map/-/source-map-0.6.1.tgz",
      "integrity": "sha512-UjgapumWlbMhkBgzT7Ykc5YXUT46F0iKu8SGXq0bcwP5dz/h0Plj6enJqjz1Zbq2l5WaqYnrVbwWOWMyF3F47g==",
      "dev": true,
      "engines": {
        "node": ">=0.10.0"
      }
    },
    "node_modules/source-map-support": {
      "version": "0.5.21",
      "resolved": "https://registry.npmjs.org/source-map-support/-/source-map-support-0.5.21.tgz",
      "integrity": "sha512-uBHU3L3czsIyYXKX88fdrGovxdSCoTGDRZ6SYXtSRxLZUzHg5P/66Ht6uoUlHu9EZod+inXhKo3qQgwXUT/y1w==",
      "dev": true,
      "dependencies": {
        "buffer-from": "^1.0.0",
        "source-map": "^0.6.0"
      }
    },
    "node_modules/ts-node": {
      "version": "9.1.1",
      "resolved": "https://registry.npmjs.org/ts-node/-/ts-node-9.1.1.tgz",
      "integrity": "sha512-hPlt7ZACERQGf03M253ytLY3dHbGNGrAq9qIHWUY9XHYl1z7wYngSr3OQ5xmui8o2AaxsONxIzjafLUiWBo1Fg==",
      "dev": true,
      "dependencies": {
        "arg": "^4.1.0",
        "create-require": "^1.1.0",
        "diff": "^4.0.1",
        "make-error": "^1.1.1",
        "source-map-support": "^0.5.17",
        "yn": "3.1.1"
      },
      "bin": {
        "ts-node": "dist/bin.js",
        "ts-node-script": "dist/bin-script.js",
        "ts-node-transpile-only": "dist/bin-transpile.js",
        "ts-script": "dist/bin-script-deprecated.js"
      },
      "engines": {
        "node": ">=10.0.0"
      },
      "peerDependencies": {
        "typescript": ">=2.7"
      }
    },
    "node_modules/typescript": {
      "version": "3.8.3",
      "resolved": "https://registry.npmjs.org/typescript/-/typescript-3.8.3.tgz",
      "integrity": "sha512-MYlEfn5VrLNsgudQTVJeNaQFUAI7DkhnOjdpAp4T+ku1TfQClewlbSuTVHiA+8skNBgaf02TL/kLOvig4y3G8w==",
      "dev": true,
      "bin": {
        "tsc": "bin/tsc",
        "tsserver": "bin/tsserver"
      },
      "engines": {
        "node": ">=4.2.0"
      }
    },
    "node_modules/universalify": {
      "version": "2.0.0",
      "resolved": "https://registry.npmjs.org/universalify/-/universalify-2.0.0.tgz",
      "integrity": "sha512-hAZsKq7Yy11Zu1DE0OzWjw7nnLZmJZYTDZZyEFHZdUhV8FkH5MCfoU1XMaxXovpyW5nq5scPqq0ZDP9Zyl04oQ==",
      "dev": true,
      "inBundle": true,
      "engines": {
        "node": ">= 10.0.0"
      }
    },
    "node_modules/yallist": {
      "version": "4.0.0",
      "resolved": "https://registry.npmjs.org/yallist/-/yallist-4.0.0.tgz",
      "integrity": "sha512-3wdGidZyq5PB084XLES5TpOSRA3wjXAlIWMhum2kRcv/41Sn2emQ0dycQW4uZXLejwKvg6EsvbdlVL+FYEct7A==",
      "inBundle": true
    },
    "node_modules/yaml": {
      "version": "1.10.2",
      "resolved": "https://registry.npmjs.org/yaml/-/yaml-1.10.2.tgz",
      "integrity": "sha512-r3vXyErRCYJ7wg28yvBY5VSoAF8ZvlcW9/BwUzEtUsjvX/DKs24dIkuwjtuprwJJHsbyUbLApepYTR1BN4uHrg==",
      "inBundle": true,
      "engines": {
        "node": ">= 6"
      }
    },
    "node_modules/yn": {
      "version": "3.1.1",
      "resolved": "https://registry.npmjs.org/yn/-/yn-3.1.1.tgz",
      "integrity": "sha512-Ux4ygGWsu2c7isFWe8Yu1YluJmqVhxqK2cLXNQA5AcC3QfbGNpM7fu0Y8b/z16pXLnFxZYvWhd3fhBY9DLmC6Q==",
      "dev": true,
      "engines": {
        "node": ">=6"
      }
    }
  },
  "dependencies": {
    "@balena/dockerignore": {
      "version": "1.0.2",
      "resolved": "https://registry.npmjs.org/@balena/dockerignore/-/dockerignore-1.0.2.tgz",
      "integrity": "sha512-wMue2Sy4GAVTk6Ic4tJVcnfdau+gx2EnG7S+uAEe+TWJFqE4YoWN4/H8MSLj4eYJKxGg26lZwboEniNiNwZQ6Q=="
    },
    "@types/fs-extra": {
      "version": "8.1.2",
      "resolved": "https://registry.npmjs.org/@types/fs-extra/-/fs-extra-8.1.2.tgz",
      "integrity": "sha512-SvSrYXfWSc7R4eqnOzbQF4TZmfpNSM9FrSWLU3EUnWBuyZqNBOrv1B1JA3byUDPUl9z4Ab3jeZG2eDdySlgNMg==",
      "dev": true,
      "requires": {
        "@types/node": "*"
      }
    },
    "@types/node": {
      "version": "10.17.60",
      "resolved": "https://registry.npmjs.org/@types/node/-/node-10.17.60.tgz",
      "integrity": "sha512-F0KIgDJfy2nA3zMLmWGKxcH2ZVEtCZXHHdOQs2gSaQ27+lNeEfGxzkIw90aXswATX7AZ33tahPbzy6KAfUreVw==",
      "dev": true
    },
    "arg": {
      "version": "4.1.3",
      "resolved": "https://registry.npmjs.org/arg/-/arg-4.1.3.tgz",
      "integrity": "sha512-58S9QDqG0Xx27YwPSt9fJxivjYl432YCwfDMfZ+71RAqUrZef7LrKQZ3LHLOwCS4FLNBplP533Zx895SeOCHvA==",
      "dev": true
    },
    "at-least-node": {
      "version": "1.0.0",
      "resolved": "https://registry.npmjs.org/at-least-node/-/at-least-node-1.0.0.tgz",
      "integrity": "sha512-+q/t7Ekv1EDY2l6Gda6LLiX14rU9TV20Wa3ofeQmwPFZbOMo9DXrLbOjFaaclkXKWidIaopwAObQDqwWtGUjqg==",
      "dev": true
    },
    "balanced-match": {
      "version": "1.0.2",
      "resolved": "https://registry.npmjs.org/balanced-match/-/balanced-match-1.0.2.tgz",
      "integrity": "sha512-3oSeUO0TMV67hN1AmbXsK4yaqU7tjiHlbxRDZOpH0KW9+CeX4bRAaX0Anxt0tx2MrpRpWwQaPwIlISEJhYU5Pw=="
    },
    "brace-expansion": {
      "version": "1.1.11",
      "resolved": "https://registry.npmjs.org/brace-expansion/-/brace-expansion-1.1.11.tgz",
      "integrity": "sha512-iCuPHDFgrHX7H2vEI/5xpz07zSHB00TpugqhmYtVmMO6518mCuRMoOYFldEBl0g187ufozdaHgWKcYFb61qGiA==",
      "requires": {
        "balanced-match": "^1.0.0",
        "concat-map": "0.0.1"
      }
    },
    "buffer-from": {
      "version": "1.1.2",
      "resolved": "https://registry.npmjs.org/buffer-from/-/buffer-from-1.1.2.tgz",
      "integrity": "sha512-E+XQCRwSbaaiChtv6k6Dwgc+bx+Bs6vuKJHHl5kox/BaKbhiXzqQOwK4cO22yElGp2OCmjwVhT3HmxgyPGnJfQ==",
      "dev": true
    },
    "case": {
      "version": "1.6.3",
      "resolved": "https://registry.npmjs.org/case/-/case-1.6.3.tgz",
      "integrity": "sha512-mzDSXIPaFwVDvZAHqZ9VlbyF4yyXRuX6IvB06WvPYkqJVO24kX1PPhv9bfpKNFZyxYFmmgo03HUiD8iklmJYRQ=="
    },
    "concat-map": {
      "version": "0.0.1",
      "resolved": "https://registry.npmjs.org/concat-map/-/concat-map-0.0.1.tgz",
      "integrity": "sha1-2Klr13/Wjfd5OnMDajug1UBdR3s="
    },
    "constructs": {
      "version": "10.0.130",
      "resolved": "https://registry.npmjs.org/constructs/-/constructs-10.0.130.tgz",
      "integrity": "sha512-9LYBePJHHnuXCr42eN0T4+O8xXHRxxak6G/UX+avt8ZZ/SNE9HFbFD8a+FKP8ixSNzzaEamDMswrMwPPTtU8cA==",
      "dev": true
    },
    "create-require": {
      "version": "1.1.1",
      "resolved": "https://registry.npmjs.org/create-require/-/create-require-1.1.1.tgz",
      "integrity": "sha512-dcKFX3jn0MpIaXjisoRvexIJVEKzaq7z2rZKxf+MSr9TkdmHmsU4m2lcLojrj/FHl8mk5VxMmYA+ftRkP/3oKQ==",
      "dev": true
    },
    "diff": {
      "version": "4.0.2",
      "resolved": "https://registry.npmjs.org/diff/-/diff-4.0.2.tgz",
      "integrity": "sha512-58lmxKSA4BNyLz+HHMUzlOEpg09FV+ev6ZMe3vJihgdxzgcwZ8VoEEPmALCZG9LmqfVoNMMKpttIYTVG6uDY7A==",
      "dev": true
    },
    "esbuild": {
      "version": "0.14.38",
      "resolved": "https://registry.npmjs.org/esbuild/-/esbuild-0.14.38.tgz",
      "integrity": "sha512-12fzJ0fsm7gVZX1YQ1InkOE5f9Tl7cgf6JPYXRJtPIoE0zkWAbHdPHVPPaLi9tYAcEBqheGzqLn/3RdTOyBfcA==",
      "dev": true,
      "requires": {
        "esbuild-android-64": "0.14.38",
        "esbuild-android-arm64": "0.14.38",
        "esbuild-darwin-64": "0.14.38",
        "esbuild-darwin-arm64": "0.14.38",
        "esbuild-freebsd-64": "0.14.38",
        "esbuild-freebsd-arm64": "0.14.38",
        "esbuild-linux-32": "0.14.38",
        "esbuild-linux-64": "0.14.38",
        "esbuild-linux-arm": "0.14.38",
        "esbuild-linux-arm64": "0.14.38",
        "esbuild-linux-mips64le": "0.14.38",
        "esbuild-linux-ppc64le": "0.14.38",
        "esbuild-linux-riscv64": "0.14.38",
        "esbuild-linux-s390x": "0.14.38",
        "esbuild-netbsd-64": "0.14.38",
        "esbuild-openbsd-64": "0.14.38",
        "esbuild-sunos-64": "0.14.38",
        "esbuild-windows-32": "0.14.38",
        "esbuild-windows-64": "0.14.38",
        "esbuild-windows-arm64": "0.14.38"
      }
    },
    "esbuild-android-64": {
      "version": "0.14.38",
      "resolved": "https://registry.npmjs.org/esbuild-android-64/-/esbuild-android-64-0.14.38.tgz",
      "integrity": "sha512-aRFxR3scRKkbmNuGAK+Gee3+yFxkTJO/cx83Dkyzo4CnQl/2zVSurtG6+G86EQIZ+w+VYngVyK7P3HyTBKu3nw==",
      "dev": true,
      "optional": true
    },
    "esbuild-android-arm64": {
      "version": "0.14.38",
      "resolved": "https://registry.npmjs.org/esbuild-android-arm64/-/esbuild-android-arm64-0.14.38.tgz",
      "integrity": "sha512-L2NgQRWuHFI89IIZIlpAcINy9FvBk6xFVZ7xGdOwIm8VyhX1vNCEqUJO3DPSSy945Gzdg98cxtNt8Grv1CsyhA==",
      "dev": true,
      "optional": true
    },
    "esbuild-darwin-64": {
      "version": "0.14.38",
      "resolved": "https://registry.npmjs.org/esbuild-darwin-64/-/esbuild-darwin-64-0.14.38.tgz",
      "integrity": "sha512-5JJvgXkX87Pd1Og0u/NJuO7TSqAikAcQQ74gyJ87bqWRVeouky84ICoV4sN6VV53aTW+NE87qLdGY4QA2S7KNA==",
      "dev": true,
      "optional": true
    },
    "esbuild-darwin-arm64": {
      "version": "0.14.38",
      "resolved": "https://registry.npmjs.org/esbuild-darwin-arm64/-/esbuild-darwin-arm64-0.14.38.tgz",
      "integrity": "sha512-eqF+OejMI3mC5Dlo9Kdq/Ilbki9sQBw3QlHW3wjLmsLh+quNfHmGMp3Ly1eWm981iGBMdbtSS9+LRvR2T8B3eQ==",
      "dev": true,
      "optional": true
    },
    "esbuild-freebsd-64": {
      "version": "0.14.38",
      "resolved": "https://registry.npmjs.org/esbuild-freebsd-64/-/esbuild-freebsd-64-0.14.38.tgz",
      "integrity": "sha512-epnPbhZUt93xV5cgeY36ZxPXDsQeO55DppzsIgWM8vgiG/Rz+qYDLmh5ts3e+Ln1wA9dQ+nZmVHw+RjaW3I5Ig==",
      "dev": true,
      "optional": true
    },
    "esbuild-freebsd-arm64": {
      "version": "0.14.38",
      "resolved": "https://registry.npmjs.org/esbuild-freebsd-arm64/-/esbuild-freebsd-arm64-0.14.38.tgz",
      "integrity": "sha512-/9icXUYJWherhk+y5fjPI5yNUdFPtXHQlwP7/K/zg8t8lQdHVj20SqU9/udQmeUo5pDFHMYzcEFfJqgOVeKNNQ==",
      "dev": true,
      "optional": true
    },
    "esbuild-linux-32": {
      "version": "0.14.38",
      "resolved": "https://registry.npmjs.org/esbuild-linux-32/-/esbuild-linux-32-0.14.38.tgz",
      "integrity": "sha512-QfgfeNHRFvr2XeHFzP8kOZVnal3QvST3A0cgq32ZrHjSMFTdgXhMhmWdKzRXP/PKcfv3e2OW9tT9PpcjNvaq6g==",
      "dev": true,
      "optional": true
    },
    "esbuild-linux-64": {
      "version": "0.14.38",
      "resolved": "https://registry.npmjs.org/esbuild-linux-64/-/esbuild-linux-64-0.14.38.tgz",
      "integrity": "sha512-uuZHNmqcs+Bj1qiW9k/HZU3FtIHmYiuxZ/6Aa+/KHb/pFKr7R3aVqvxlAudYI9Fw3St0VCPfv7QBpUITSmBR1Q==",
      "dev": true,
      "optional": true
    },
    "esbuild-linux-arm": {
      "version": "0.14.38",
      "resolved": "https://registry.npmjs.org/esbuild-linux-arm/-/esbuild-linux-arm-0.14.38.tgz",
      "integrity": "sha512-FiFvQe8J3VKTDXG01JbvoVRXQ0x6UZwyrU4IaLBZeq39Bsbatd94Fuc3F1RGqPF5RbIWW7RvkVQjn79ejzysnA==",
      "dev": true,
      "optional": true
    },
    "esbuild-linux-arm64": {
      "version": "0.14.38",
      "resolved": "https://registry.npmjs.org/esbuild-linux-arm64/-/esbuild-linux-arm64-0.14.38.tgz",
      "integrity": "sha512-HlMGZTEsBrXrivr64eZ/EO0NQM8H8DuSENRok9d+Jtvq8hOLzrxfsAT9U94K3KOGk2XgCmkaI2KD8hX7F97lvA==",
      "dev": true,
      "optional": true
    },
    "esbuild-linux-mips64le": {
      "version": "0.14.38",
      "resolved": "https://registry.npmjs.org/esbuild-linux-mips64le/-/esbuild-linux-mips64le-0.14.38.tgz",
      "integrity": "sha512-qd1dLf2v7QBiI5wwfil9j0HG/5YMFBAmMVmdeokbNAMbcg49p25t6IlJFXAeLzogv1AvgaXRXvgFNhScYEUXGQ==",
      "dev": true,
      "optional": true
    },
    "esbuild-linux-ppc64le": {
      "version": "0.14.38",
      "resolved": "https://registry.npmjs.org/esbuild-linux-ppc64le/-/esbuild-linux-ppc64le-0.14.38.tgz",
      "integrity": "sha512-mnbEm7o69gTl60jSuK+nn+pRsRHGtDPfzhrqEUXyCl7CTOCLtWN2bhK8bgsdp6J/2NyS/wHBjs1x8aBWwP2X9Q==",
      "dev": true,
      "optional": true
    },
    "esbuild-linux-riscv64": {
      "version": "0.14.38",
      "resolved": "https://registry.npmjs.org/esbuild-linux-riscv64/-/esbuild-linux-riscv64-0.14.38.tgz",
      "integrity": "sha512-+p6YKYbuV72uikChRk14FSyNJZ4WfYkffj6Af0/Tw63/6TJX6TnIKE+6D3xtEc7DeDth1fjUOEqm+ApKFXbbVQ==",
      "dev": true,
      "optional": true
    },
    "esbuild-linux-s390x": {
      "version": "0.14.38",
      "resolved": "https://registry.npmjs.org/esbuild-linux-s390x/-/esbuild-linux-s390x-0.14.38.tgz",
      "integrity": "sha512-0zUsiDkGJiMHxBQ7JDU8jbaanUY975CdOW1YDrurjrM0vWHfjv9tLQsW9GSyEb/heSK1L5gaweRjzfUVBFoybQ==",
      "dev": true,
      "optional": true
    },
    "esbuild-netbsd-64": {
      "version": "0.14.38",
      "resolved": "https://registry.npmjs.org/esbuild-netbsd-64/-/esbuild-netbsd-64-0.14.38.tgz",
      "integrity": "sha512-cljBAApVwkpnJZfnRVThpRBGzCi+a+V9Ofb1fVkKhtrPLDYlHLrSYGtmnoTVWDQdU516qYI8+wOgcGZ4XIZh0Q==",
      "dev": true,
      "optional": true
    },
    "esbuild-openbsd-64": {
      "version": "0.14.38",
      "resolved": "https://registry.npmjs.org/esbuild-openbsd-64/-/esbuild-openbsd-64-0.14.38.tgz",
      "integrity": "sha512-CDswYr2PWPGEPpLDUO50mL3WO/07EMjnZDNKpmaxUPsrW+kVM3LoAqr/CE8UbzugpEiflYqJsGPLirThRB18IQ==",
      "dev": true,
      "optional": true
    },
    "esbuild-sunos-64": {
      "version": "0.14.38",
      "resolved": "https://registry.npmjs.org/esbuild-sunos-64/-/esbuild-sunos-64-0.14.38.tgz",
      "integrity": "sha512-2mfIoYW58gKcC3bck0j7lD3RZkqYA7MmujFYmSn9l6TiIcAMpuEvqksO+ntBgbLep/eyjpgdplF7b+4T9VJGOA==",
      "dev": true,
      "optional": true
    },
    "esbuild-windows-32": {
      "version": "0.14.38",
      "resolved": "https://registry.npmjs.org/esbuild-windows-32/-/esbuild-windows-32-0.14.38.tgz",
      "integrity": "sha512-L2BmEeFZATAvU+FJzJiRLFUP+d9RHN+QXpgaOrs2klshoAm1AE6Us4X6fS9k33Uy5SzScn2TpcgecbqJza1Hjw==",
      "dev": true,
      "optional": true
    },
    "esbuild-windows-64": {
      "version": "0.14.38",
      "resolved": "https://registry.npmjs.org/esbuild-windows-64/-/esbuild-windows-64-0.14.38.tgz",
      "integrity": "sha512-Khy4wVmebnzue8aeSXLC+6clo/hRYeNIm0DyikoEqX+3w3rcvrhzpoix0S+MF9vzh6JFskkIGD7Zx47ODJNyCw==",
      "dev": true,
      "optional": true
    },
    "esbuild-windows-arm64": {
      "version": "0.14.38",
      "resolved": "https://registry.npmjs.org/esbuild-windows-arm64/-/esbuild-windows-arm64-0.14.38.tgz",
      "integrity": "sha512-k3FGCNmHBkqdJXuJszdWciAH77PukEyDsdIryEHn9cKLQFxzhT39dSumeTuggaQcXY57UlmLGIkklWZo2qzHpw==",
      "dev": true,
      "optional": true
    },
    "fs-extra": {
      "version": "9.1.0",
      "resolved": "https://registry.npmjs.org/fs-extra/-/fs-extra-9.1.0.tgz",
      "integrity": "sha512-hcg3ZmepS30/7BSFqRvoo3DOMQu7IjqxO5nCDt+zM9XWjb33Wg7ziNT+Qvqbuc3+gWpzO02JubVyk2G4Zvo1OQ==",
      "dev": true,
      "requires": {
        "at-least-node": "^1.0.0",
        "graceful-fs": "^4.2.0",
        "jsonfile": "^6.0.1",
        "universalify": "^2.0.0"
      }
    },
    "graceful-fs": {
      "version": "4.2.10",
      "resolved": "https://registry.npmjs.org/graceful-fs/-/graceful-fs-4.2.10.tgz",
      "integrity": "sha512-9ByhssR2fPVsNZj478qUUbKfmL0+t5BDVyjShtyZZLiK7ZDAArFFfopyOTj0M05wE2tJPisA4iTnnXl2YoPvOA==",
      "dev": true
    },
    "ignore": {
      "version": "5.2.0",
      "resolved": "https://registry.npmjs.org/ignore/-/ignore-5.2.0.tgz",
      "integrity": "sha512-CmxgYGiEPCLhfLnpPp1MoRmifwEIOgjcHXxOBjv7mY96c+eWScsOP9c112ZyLdWHi0FxHjI+4uVhKYp/gcdRmQ=="
    },
    "jsonfile": {
      "version": "6.1.0",
      "resolved": "https://registry.npmjs.org/jsonfile/-/jsonfile-6.1.0.tgz",
      "integrity": "sha512-5dgndWOriYSm5cnYaJNhalLNDKOqFwyDB/rr1E9ZsGciGvKPs8R2xYGCacuf3z6K1YKDz182fd+fY3cn3pMqXQ==",
      "dev": true,
      "requires": {
        "graceful-fs": "^4.1.6",
        "universalify": "^2.0.0"
      }
    },
    "jsonschema": {
      "version": "1.4.0",
      "resolved": "https://registry.npmjs.org/jsonschema/-/jsonschema-1.4.0.tgz",
      "integrity": "sha512-/YgW6pRMr6M7C+4o8kS+B/2myEpHCrxO4PEWnqJNBFMjn7EWXqlQ4tGwL6xTHeRplwuZmcAncdvfOad1nT2yMw=="
    },
    "lru-cache": {
      "version": "6.0.0",
      "resolved": "https://registry.npmjs.org/lru-cache/-/lru-cache-6.0.0.tgz",
      "integrity": "sha512-Jo6dJ04CmSjuznwJSS3pUeWmd/H0ffTlkXXgwZi+eq1UCmqQwCh+eLsYOYCwY991i2Fah4h1BEMCx4qThGbsiA==",
      "requires": {
        "yallist": "^4.0.0"
      }
    },
    "make-error": {
      "version": "1.3.6",
      "resolved": "https://registry.npmjs.org/make-error/-/make-error-1.3.6.tgz",
      "integrity": "sha512-s8UhlNe7vPKomQhC1qFelMokr/Sc3AgNbso3n74mVPA5LTZwkB9NlXf4XPamLxJE8h0gh73rM94xvwRT2CVInw==",
      "dev": true
    },
    "minimatch": {
      "version": "3.1.2",
      "resolved": "https://registry.npmjs.org/minimatch/-/minimatch-3.1.2.tgz",
      "integrity": "sha512-J7p63hRiAjw1NDEww1W7i37+ByIrOWO5XQQAzZ3VOcL0PNybwpfmV/N05zFAzwQ9USyEcX6t3UO+K5aqBQOIHw==",
      "requires": {
        "brace-expansion": "^1.1.7"
      }
    },
    "punycode": {
      "version": "2.1.1",
      "resolved": "https://registry.npmjs.org/punycode/-/punycode-2.1.1.tgz",
      "integrity": "sha512-XRsRjdf+j5ml+y/6GKHPZbrF/8p2Yga0JPtdqTIY2Xe5ohJPD9saDJJLPvp9+NSBprVvevdXZybnj2cv8OEd0A=="
    },
    "semver": {
      "version": "7.3.7",
      "resolved": "https://registry.npmjs.org/semver/-/semver-7.3.7.tgz",
      "integrity": "sha512-QlYTucUYOews+WeEujDoEGziz4K6c47V/Bd+LjSSYcA94p+DmINdf7ncaUinThfvZyu13lN9OY1XDxt8C0Tw0g==",
      "requires": {
        "lru-cache": "^6.0.0"
      }
    },
    "source-map": {
      "version": "0.6.1",
      "resolved": "https://registry.npmjs.org/source-map/-/source-map-0.6.1.tgz",
      "integrity": "sha512-UjgapumWlbMhkBgzT7Ykc5YXUT46F0iKu8SGXq0bcwP5dz/h0Plj6enJqjz1Zbq2l5WaqYnrVbwWOWMyF3F47g==",
      "dev": true
    },
    "source-map-support": {
      "version": "0.5.21",
      "resolved": "https://registry.npmjs.org/source-map-support/-/source-map-support-0.5.21.tgz",
      "integrity": "sha512-uBHU3L3czsIyYXKX88fdrGovxdSCoTGDRZ6SYXtSRxLZUzHg5P/66Ht6uoUlHu9EZod+inXhKo3qQgwXUT/y1w==",
      "dev": true,
      "requires": {
        "buffer-from": "^1.0.0",
        "source-map": "^0.6.0"
      }
    },
    "ts-node": {
      "version": "9.1.1",
      "resolved": "https://registry.npmjs.org/ts-node/-/ts-node-9.1.1.tgz",
      "integrity": "sha512-hPlt7ZACERQGf03M253ytLY3dHbGNGrAq9qIHWUY9XHYl1z7wYngSr3OQ5xmui8o2AaxsONxIzjafLUiWBo1Fg==",
      "dev": true,
      "requires": {
        "arg": "^4.1.0",
        "create-require": "^1.1.0",
        "diff": "^4.0.1",
        "make-error": "^1.1.1",
        "source-map-support": "^0.5.17",
        "yn": "3.1.1"
      }
    },
    "typescript": {
      "version": "3.8.3",
      "resolved": "https://registry.npmjs.org/typescript/-/typescript-3.8.3.tgz",
      "integrity": "sha512-MYlEfn5VrLNsgudQTVJeNaQFUAI7DkhnOjdpAp4T+ku1TfQClewlbSuTVHiA+8skNBgaf02TL/kLOvig4y3G8w==",
      "dev": true
    },
    "universalify": {
      "version": "2.0.0",
      "resolved": "https://registry.npmjs.org/universalify/-/universalify-2.0.0.tgz",
      "integrity": "sha512-hAZsKq7Yy11Zu1DE0OzWjw7nnLZmJZYTDZZyEFHZdUhV8FkH5MCfoU1XMaxXovpyW5nq5scPqq0ZDP9Zyl04oQ==",
      "dev": true
    },
    "yallist": {
      "version": "4.0.0",
      "resolved": "https://registry.npmjs.org/yallist/-/yallist-4.0.0.tgz",
      "integrity": "sha512-3wdGidZyq5PB084XLES5TpOSRA3wjXAlIWMhum2kRcv/41Sn2emQ0dycQW4uZXLejwKvg6EsvbdlVL+FYEct7A=="
    },
    "yaml": {
      "version": "1.10.2",
      "resolved": "https://registry.npmjs.org/yaml/-/yaml-1.10.2.tgz",
      "integrity": "sha512-r3vXyErRCYJ7wg28yvBY5VSoAF8ZvlcW9/BwUzEtUsjvX/DKs24dIkuwjtuprwJJHsbyUbLApepYTR1BN4uHrg=="
    },
    "yn": {
      "version": "3.1.1",
      "resolved": "https://registry.npmjs.org/yn/-/yn-3.1.1.tgz",
      "integrity": "sha512-Ux4ygGWsu2c7isFWe8Yu1YluJmqVhxqK2cLXNQA5AcC3QfbGNpM7fu0Y8b/z16pXLnFxZYvWhd3fhBY9DLmC6Q==",
      "dev": true
    }
  }
}
