{
	"name": "jsii-ruby-runtime",
	"version": "0.7.0",
	"lockfileVersion": 1,
	"requires": true,
	"dependencies": {
		"@types/node": {
			"version": "9.6.26",
			"resolved": "https://registry.npmjs.org/@types/node/-/node-9.6.26.tgz",
			"integrity": "sha512-3LKKscYUZdZreOuvnly8oWsCA1TOWtmkV3mbcUnV34f+nqDWJic+4SGjRi1C/sPHnZcSs/x209O+Dgy8aWHt2A==",
			"dev": true
		},
		"typescript": {
			"version": "3.0.1",
			"resolved": "https://registry.npmjs.org/typescript/-/typescript-3.0.1.tgz",
			"integrity": "sha512-zQIMOmC+372pC/CCVLqnQ0zSBiY7HHodU7mpQdjiZddek4GMj31I3dUJ7gAs9o65X7mnRma6OokOkc6f9jjfBg==",
			"dev": true
		}
	}
}
