{
	"name": "jsii-ruby-runtime",
	"version": "0.9.0",
	"lockfileVersion": 1,
	"requires": true,
	"dependencies": {
		"@types/node": {
			"version": "8.10.45",
			"resolved": "https://registry.npmjs.org/@types/node/-/node-8.10.45.tgz",
			"integrity": "sha512-tGVTbA+i3qfXsLbq9rEq/hezaHY55QxQLeXQL2ejNgFAxxrgu8eMmYIOsRcl7hN1uTLVsKOOYacV/rcJM3sfgQ==",
			"dev": true
		},
		"typescript": {
			"version": "3.4.2",
			"resolved": "https://registry.npmjs.org/typescript/-/typescript-3.4.2.tgz",
			"integrity": "sha512-Og2Vn6Mk7JAuWA1hQdDQN/Ekm/SchX80VzLhjKN9ETYrIepBFAd8PkOdOTK2nKt0FCkmMZKBJvQ1dV1gIxPu/A==",
			"dev": true
		}
	}
}
