{
	"requires": true,
	"lockfileVersion": 1,
	"dependencies": {
		"@types/node": {
			"version": "9.6.25",
			"resolved": "https://registry.npmjs.org/@types/node/-/node-9.6.25.tgz",
			"integrity": "sha512-uZpzO9MKSHy7zBiTtziA3JgZP3upcAvLTASkKgheLj6/rNZmRX4UyvsFYaY2kbYcmmh8bNZ2T0eocBRCfZdGvQ=="
		},
		"typescript": {
			"version": "3.0.1",
			"resolved": "https://registry.npmjs.org/typescript/-/typescript-3.0.1.tgz",
			"integrity": "sha512-zQIMOmC+372pC/CCVLqnQ0zSBiY7HHodU7mpQdjiZddek4GMj31I3dUJ7gAs9o65X7mnRma6OokOkc6f9jjfBg=="
		}
	}
}
