PATH
  remote: ../ruby-runtime
  specs:
    jsii-ruby-runtime (0.0.0)
      base64 (~> 0.2)

GEM
  remote: https://rubygems.org/
  specs:
    base64 (0.3.0)
    diff-lcs (1.6.2)
    logger (1.7.0)
    rbs (3.10.4)
      logger
      tsort
    rspec (3.13.2)
      rspec-core (~> 3.13.0)
      rspec-expectations (~> 3.13.0)
      rspec-mocks (~> 3.13.0)
    rspec-core (3.13.6)
      rspec-support (~> 3.13.0)
    rspec-expectations (3.13.5)
      diff-lcs (>= 1.2.0, < 2.0)
      rspec-support (~> 3.13.0)
    rspec-mocks (3.13.8)
      diff-lcs (>= 1.2.0, < 2.0)
      rspec-support (~> 3.13.0)
    rspec-support (3.13.7)
    tsort (0.2.0)

PLATFORMS
  ruby
  x86_64-linux

DEPENDENCIES
  jsii-ruby-runtime!
  rbs (~> 3.4)
  rspec (~> 3.12)

CHECKSUMS
  base64 (0.3.0) sha256=27337aeabad6ffae05c265c450490628ef3ebd4b67be58257393227588f5a97b
  diff-lcs (1.6.2) sha256=9ae0d2cba7d4df3075fe8cd8602a8604993efc0dfa934cff568969efb1909962
  jsii-ruby-runtime (0.0.0)
  logger (1.7.0) sha256=196edec7cc44b66cfb40f9755ce11b392f21f7967696af15d274dde7edff0203
  rbs (3.10.4) sha256=b17d7c4be4bb31a11a3b529830f0aa206a807ca42f2e7921a3027dfc6b7e5ce8
  rspec (3.13.2) sha256=206284a08ad798e61f86d7ca3e376718d52c0bc944626b2349266f239f820587
  rspec-core (3.13.6) sha256=a8823c6411667b60a8bca135364351dda34cd55e44ff94c4be4633b37d828b2d
  rspec-expectations (3.13.5) sha256=33a4d3a1d95060aea4c94e9f237030a8f9eae5615e9bd85718fe3a09e4b58836
  rspec-mocks (3.13.8) sha256=086ad3d3d17533f4237643de0b5c42f04b66348c28bf6b9c2d3f4a3b01af1d47
  rspec-support (3.13.7) sha256=0640e5570872aafefd79867901deeeeb40b0c9875a36b983d85f54fb7381c47c
  tsort (0.2.0) sha256=9650a793f6859a43b6641671278f79cfead60ac714148aabe4e3f0060480089f

BUNDLED WITH
   2.6.9
