{
	"name": "jsii-calc",
	"version": "0.7.15",
	"lockfileVersion": 1,
	"requires": true,
	"dependencies": {
		"@types/node": {
			"version": "8.10.43",
			"resolved": "https://registry.npmjs.org/@types/node/-/node-8.10.43.tgz",
			"integrity": "sha512-5m5W13HR2k3cu88mpzlnPBBv5+GyMHtj4F0P83RG4mqoC0AYVYHVMHfF3SgwKNtqEZiZQASMxU92QsLEekKcnw==",
			"dev": true
		}
	}
}
