{
	"name": "jsii-calc",
	"version": "0.16.0",
	"lockfileVersion": 1,
	"requires": true,
	"dependencies": {
		"@scope/jsii-calc-base": {
			"version": "file:../jsii-calc-base"
		},
		"@scope/jsii-calc-base-of-base": {
			"version": "file:../jsii-calc-base-of-base"
		},
		"@scope/jsii-calc-lib": {
			"version": "file:../jsii-calc-lib"
		},
		"jsii-build-tools": {
			"version": "file:../jsii-build-tools",
			"dev": true
		},
		"jsii-calc-bundled": {
			"version": "file:../jsii-calc-bundled"
		}
	}
}
