
Microsoft Visual Studio Solution File, Format Version 12.00
# Visual Studio 15
VisualStudioVersion = 15.0.26124.0
MinimumVisualStudioVersion = 15.0.26124.0
Project("{FAE04EC0-301F-11D3-BF4B-00C04F79EFBC}") = "AWS.Jsii.JsonModel", "AWS.Jsii.JsonModel\AWS.Jsii.JsonModel.csproj", "{FEADD8C4-63F4-400B-A694-53B094AB38FB}"
EndProject
Project("{FAE04EC0-301F-11D3-BF4B-00C04F79EFBC}") = "AWS.Jsii.JsonModel.UnitTests", "AWS.Jsii.JsonModel.UnitTests\AWS.Jsii.JsonModel.UnitTests.csproj", "{CA908432-0AD1-429F-A6FE-8CC9F35C6C8F}"
EndProject
Global
	GlobalSection(SolutionConfigurationPlatforms) = preSolution
		Debug|Any CPU = Debug|Any CPU
		Debug|x64 = Debug|x64
		Debug|x86 = Debug|x86
		Release|Any CPU = Release|Any CPU
		Release|x64 = Release|x64
		Release|x86 = Release|x86
	EndGlobalSection
	GlobalSection(SolutionProperties) = preSolution
		HideSolutionNode = FALSE
	EndGlobalSection
	GlobalSection(ProjectConfigurationPlatforms) = postSolution
		{FEADD8C4-63F4-400B-A694-53B094AB38FB}.Debug|Any CPU.ActiveCfg = Debug|Any CPU
		{FEADD8C4-63F4-400B-A694-53B094AB38FB}.Debug|Any CPU.Build.0 = Debug|Any CPU
		{FEADD8C4-63F4-400B-A694-53B094AB38FB}.Debug|x64.ActiveCfg = Debug|Any CPU
		{FEADD8C4-63F4-400B-A694-53B094AB38FB}.Debug|x64.Build.0 = Debug|Any CPU
		{FEADD8C4-63F4-400B-A694-53B094AB38FB}.Debug|x86.ActiveCfg = Debug|Any CPU
		{FEADD8C4-63F4-400B-A694-53B094AB38FB}.Debug|x86.Build.0 = Debug|Any CPU
		{FEADD8C4-63F4-400B-A694-53B094AB38FB}.Release|Any CPU.ActiveCfg = Release|Any CPU
		{FEADD8C4-63F4-400B-A694-53B094AB38FB}.Release|Any CPU.Build.0 = Release|Any CPU
		{FEADD8C4-63F4-400B-A694-53B094AB38FB}.Release|x64.ActiveCfg = Release|Any CPU
		{FEADD8C4-63F4-400B-A694-53B094AB38FB}.Release|x64.Build.0 = Release|Any CPU
		{FEADD8C4-63F4-400B-A694-53B094AB38FB}.Release|x86.ActiveCfg = Release|Any CPU
		{FEADD8C4-63F4-400B-A694-53B094AB38FB}.Release|x86.Build.0 = Release|Any CPU
		{CA908432-0AD1-429F-A6FE-8CC9F35C6C8F}.Debug|Any CPU.ActiveCfg = Debug|Any CPU
		{CA908432-0AD1-429F-A6FE-8CC9F35C6C8F}.Debug|Any CPU.Build.0 = Debug|Any CPU
		{CA908432-0AD1-429F-A6FE-8CC9F35C6C8F}.Debug|x64.ActiveCfg = Debug|Any CPU
		{CA908432-0AD1-429F-A6FE-8CC9F35C6C8F}.Debug|x64.Build.0 = Debug|Any CPU
		{CA908432-0AD1-429F-A6FE-8CC9F35C6C8F}.Debug|x86.ActiveCfg = Debug|Any CPU
		{CA908432-0AD1-429F-A6FE-8CC9F35C6C8F}.Debug|x86.Build.0 = Debug|Any CPU
		{CA908432-0AD1-429F-A6FE-8CC9F35C6C8F}.Release|Any CPU.ActiveCfg = Release|Any CPU
		{CA908432-0AD1-429F-A6FE-8CC9F35C6C8F}.Release|Any CPU.Build.0 = Release|Any CPU
		{CA908432-0AD1-429F-A6FE-8CC9F35C6C8F}.Release|x64.ActiveCfg = Release|Any CPU
		{CA908432-0AD1-429F-A6FE-8CC9F35C6C8F}.Release|x64.Build.0 = Release|Any CPU
		{CA908432-0AD1-429F-A6FE-8CC9F35C6C8F}.Release|x86.ActiveCfg = Release|Any CPU
		{CA908432-0AD1-429F-A6FE-8CC9F35C6C8F}.Release|x86.Build.0 = Release|Any CPU
	EndGlobalSection
EndGlobal
