
Microsoft Visual Studio Solution File, Format Version 12.00
# Visual Studio 15
VisualStudioVersion = 15.0.27703.2026
MinimumVisualStudioVersion = 10.0.40219.1
Project("{9A19103F-16F7-4668-BE54-9A1E7A4F7556}") = "Amazon.JSII.Runtime", "Amazon.JSII.Runtime\Amazon.JSII.Runtime.csproj", "{E7BFF0E9-D8BF-4996-98B7-58334EA276D1}"
EndProject
Project("{2150E333-8FDC-42A3-9474-1A3956D46DE8}") = "Props", "Props", "{B88CEA39-359B-45A0-86D6-0BC1FD284BBE}"
	ProjectSection(SolutionItems) = preProject
		Directory.Build.props = Directory.Build.props
	EndProjectSection
EndProject
Project("{2150E333-8FDC-42A3-9474-1A3956D46DE8}") = "UnitTests", "UnitTests", "{1F4EEFB5-9E4C-4464-9C3B-6729ABB0511E}"
EndProject
Project("{9A19103F-16F7-4668-BE54-9A1E7A4F7556}") = "Amazon.JSII.Runtime.UnitTests", "Amazon.JSII.Runtime.UnitTests\Amazon.JSII.Runtime.UnitTests.csproj", "{96CC0C0B-1D90-448F-9BFC-07CE93D2CE29}"
EndProject
Global
	GlobalSection(SolutionConfigurationPlatforms) = preSolution
		Debug|Any CPU = Debug|Any CPU
		Release|Any CPU = Release|Any CPU
	EndGlobalSection
	GlobalSection(ProjectConfigurationPlatforms) = postSolution
		{E7BFF0E9-D8BF-4996-98B7-58334EA276D1}.Debug|Any CPU.ActiveCfg = Debug|Any CPU
		{E7BFF0E9-D8BF-4996-98B7-58334EA276D1}.Debug|Any CPU.Build.0 = Debug|Any CPU
		{E7BFF0E9-D8BF-4996-98B7-58334EA276D1}.Release|Any CPU.ActiveCfg = Release|Any CPU
		{E7BFF0E9-D8BF-4996-98B7-58334EA276D1}.Release|Any CPU.Build.0 = Release|Any CPU
		{96CC0C0B-1D90-448F-9BFC-07CE93D2CE29}.Debug|Any CPU.ActiveCfg = Debug|Any CPU
		{96CC0C0B-1D90-448F-9BFC-07CE93D2CE29}.Debug|Any CPU.Build.0 = Debug|Any CPU
		{96CC0C0B-1D90-448F-9BFC-07CE93D2CE29}.Release|Any CPU.ActiveCfg = Release|Any CPU
		{96CC0C0B-1D90-448F-9BFC-07CE93D2CE29}.Release|Any CPU.Build.0 = Release|Any CPU
	EndGlobalSection
	GlobalSection(SolutionProperties) = preSolution
		HideSolutionNode = FALSE
	EndGlobalSection
	GlobalSection(NestedProjects) = preSolution
		{96CC0C0B-1D90-448F-9BFC-07CE93D2CE29} = {1F4EEFB5-9E4C-4464-9C3B-6729ABB0511E}
	EndGlobalSection
	GlobalSection(ExtensibilityGlobals) = postSolution
		SolutionGuid = {C5094D14-EAB4-4A0A-80A2-14748C28C057}
	EndGlobalSection
EndGlobal
