
Microsoft Visual Studio Solution File, Format Version 12.00
# Visual Studio 15
VisualStudioVersion = 15.0.27703.2026
MinimumVisualStudioVersion = 10.0.40219.1
Project("{9A19103F-16F7-4668-BE54-9A1E7A4F7556}") = "Amazon.JSII.Runtime", "Amazon.JSII.Runtime\Amazon.JSII.Runtime.csproj", "{E7BFF0E9-D8BF-4996-98B7-58334EA276D1}"
EndProject
Project("{2150E333-8FDC-42A3-9474-1A3956D46DE8}") = "Props", "Props", "{B88CEA39-359B-45A0-86D6-0BC1FD284BBE}"
	ProjectSection(SolutionItems) = preProject
		Directory.Build.props = Directory.Build.props
		..\..\Directory.Build.targets = ..\..\Directory.Build.targets
	EndProjectSection
EndProject
Project("{2150E333-8FDC-42A3-9474-1A3956D46DE8}") = "UnitTests", "UnitTests", "{1F4EEFB5-9E4C-4464-9C3B-6729ABB0511E}"
EndProject
Project("{9A19103F-16F7-4668-BE54-9A1E7A4F7556}") = "Amazon.JSII.Runtime.UnitTests", "Amazon.JSII.Runtime.UnitTests\Amazon.JSII.Runtime.UnitTests.csproj", "{96CC0C0B-1D90-448F-9BFC-07CE93D2CE29}"
EndProject
Project("{FAE04EC0-301F-11D3-BF4B-00C04F79EFBC}") = "Amazon.JSII.JsonModel", "Amazon.JSII.JsonModel\Amazon.JSII.JsonModel.csproj", "{7F452D41-33A6-4C58-A7CB-4030142EE1F2}"
EndProject
Project("{FAE04EC0-301F-11D3-BF4B-00C04F79EFBC}") = "Amazon.JSII.Analyzers", "Amazon.JSII.Analyzers\Amazon.JSII.Analyzers.csproj", "{0BD8DC3F-CB0A-4299-93E4-1496181F054E}"
EndProject
Project("{FAE04EC0-301F-11D3-BF4B-00C04F79EFBC}") = "Amazon.JSII.Analyzers.UnitTests", "Amazon.JSII.Analyzers.UnitTests\Amazon.JSII.Analyzers.UnitTests.csproj", "{17D77476-5C95-4C13-8023-08664AA5F801}"
EndProject
Global
	GlobalSection(SolutionConfigurationPlatforms) = preSolution
		Debug|Any CPU = Debug|Any CPU
		Release|Any CPU = Release|Any CPU
	EndGlobalSection
	GlobalSection(ProjectConfigurationPlatforms) = postSolution
		{E7BFF0E9-D8BF-4996-98B7-58334EA276D1}.Debug|Any CPU.ActiveCfg = Debug|Any CPU
		{E7BFF0E9-D8BF-4996-98B7-58334EA276D1}.Debug|Any CPU.Build.0 = Debug|Any CPU
		{E7BFF0E9-D8BF-4996-98B7-58334EA276D1}.Release|Any CPU.ActiveCfg = Release|Any CPU
		{E7BFF0E9-D8BF-4996-98B7-58334EA276D1}.Release|Any CPU.Build.0 = Release|Any CPU
		{96CC0C0B-1D90-448F-9BFC-07CE93D2CE29}.Debug|Any CPU.ActiveCfg = Debug|Any CPU
		{96CC0C0B-1D90-448F-9BFC-07CE93D2CE29}.Debug|Any CPU.Build.0 = Debug|Any CPU
		{96CC0C0B-1D90-448F-9BFC-07CE93D2CE29}.Release|Any CPU.ActiveCfg = Release|Any CPU
		{96CC0C0B-1D90-448F-9BFC-07CE93D2CE29}.Release|Any CPU.Build.0 = Release|Any CPU
		{7F452D41-33A6-4C58-A7CB-4030142EE1F2}.Debug|Any CPU.ActiveCfg = Debug|Any CPU
		{7F452D41-33A6-4C58-A7CB-4030142EE1F2}.Debug|Any CPU.Build.0 = Debug|Any CPU
		{7F452D41-33A6-4C58-A7CB-4030142EE1F2}.Release|Any CPU.ActiveCfg = Release|Any CPU
		{7F452D41-33A6-4C58-A7CB-4030142EE1F2}.Release|Any CPU.Build.0 = Release|Any CPU
		{0BD8DC3F-CB0A-4299-93E4-1496181F054E}.Debug|Any CPU.ActiveCfg = Debug|Any CPU
		{0BD8DC3F-CB0A-4299-93E4-1496181F054E}.Debug|Any CPU.Build.0 = Debug|Any CPU
		{0BD8DC3F-CB0A-4299-93E4-1496181F054E}.Release|Any CPU.ActiveCfg = Release|Any CPU
		{0BD8DC3F-CB0A-4299-93E4-1496181F054E}.Release|Any CPU.Build.0 = Release|Any CPU
		{17D77476-5C95-4C13-8023-08664AA5F801}.Debug|Any CPU.ActiveCfg = Debug|Any CPU
		{17D77476-5C95-4C13-8023-08664AA5F801}.Debug|Any CPU.Build.0 = Debug|Any CPU
		{17D77476-5C95-4C13-8023-08664AA5F801}.Release|Any CPU.ActiveCfg = Release|Any CPU
		{17D77476-5C95-4C13-8023-08664AA5F801}.Release|Any CPU.Build.0 = Release|Any CPU
	EndGlobalSection
	GlobalSection(SolutionProperties) = preSolution
		HideSolutionNode = FALSE
	EndGlobalSection
	GlobalSection(NestedProjects) = preSolution
		{96CC0C0B-1D90-448F-9BFC-07CE93D2CE29} = {1F4EEFB5-9E4C-4464-9C3B-6729ABB0511E}
		{17D77476-5C95-4C13-8023-08664AA5F801} = {1F4EEFB5-9E4C-4464-9C3B-6729ABB0511E}
	EndGlobalSection
	GlobalSection(ExtensibilityGlobals) = postSolution
		SolutionGuid = {C5094D14-EAB4-4A0A-80A2-14748C28C057}
	EndGlobalSection
EndGlobal
