{
	"requires": true,
	"lockfileVersion": 1,
	"dependencies": {
		"typescript": {
			"version": "3.1.1",
			"resolved": "https://registry.npmjs.org/typescript/-/typescript-3.1.1.tgz",
			"integrity": "sha512-Veu0w4dTc/9wlWNf2jeRInNodKlcdLgemvPsrNpfu5Pq39sgfFjvIIgTsvUHCoLBnMhPoUA+tFxsXjU6VexVRQ=="
		}
	}
}
