
Microsoft Visual Studio Solution File, Format Version 12.00
# Visual Studio 15
Project("{FAE04EC0-301F-11D3-BF4B-00C04F79EFBC}") = "Amazon.JSII.Runtime", "Amazon.JSII.Runtime.csproj", "{A31525BC-0422-446E-B7DE-92769D96302B}"
EndProject
Global
	GlobalSection(SolutionConfigurationPlatforms) = preSolution
		Debug|Any CPU = Debug|Any CPU
		Release|Any CPU = Release|Any CPU
	EndGlobalSection
	GlobalSection(ProjectConfigurationPlatforms) = postSolution
		{A31525BC-0422-446E-B7DE-92769D96302B}.Debug|Any CPU.ActiveCfg = Debug|Any CPU
		{A31525BC-0422-446E-B7DE-92769D96302B}.Debug|Any CPU.Build.0 = Debug|Any CPU
		{A31525BC-0422-446E-B7DE-92769D96302B}.Release|Any CPU.ActiveCfg = Release|Any CPU
		{A31525BC-0422-446E-B7DE-92769D96302B}.Release|Any CPU.Build.0 = Release|Any CPU
	EndGlobalSection
EndGlobal
