{
	"requires": true,
	"lockfileVersion": 1,
	"dependencies": {
		"typescript": {
			"version": "3.2.4",
			"resolved": "https://registry.npmjs.org/typescript/-/typescript-3.2.4.tgz",
			"integrity": "sha512-0RNDbSdEokBeEAkgNbxJ+BLwSManFy9TeXz8uW+48j/xhEXv1ePME60olyzw2XzUqUBNAYFeJadIqAgNqIACwg=="
		}
	}
}
