
Microsoft Visual Studio Solution File, Format Version 12.00
# Visual Studio 15
Project("{FAE04EC0-301F-11D3-BF4B-00C04F79EFBC}") = "Amazon.JSII.Runtime.IntegrationTests", "Amazon.JSII.Runtime.IntegrationTests\Amazon.JSII.Runtime.IntegrationTests.csproj", "{CE3CAFBD-25F8-422D-925A-8F9CCEA1F548}"
EndProject
Project("{FAE04EC0-301F-11D3-BF4B-00C04F79EFBC}") = "Amazon.JSII.Runtime", "..\..\jsii-dotnet-runtime\src\Amazon.JSII.Runtime\Amazon.JSII.Runtime.csproj", "{CA2CBE1C-5435-416B-B4E6-22D1FABA8AFF}"
EndProject
Project("{FAE04EC0-301F-11D3-BF4B-00C04F79EFBC}") = "Amazon.JSII.JsonModel", "..\..\jsii-dotnet-jsonmodel\src\Amazon.JSII.JsonModel\Amazon.JSII.JsonModel.csproj", "{1E0BFD79-D221-425D-ADFF-1DF939BCFC58}"
EndProject
Global
	GlobalSection(SolutionConfigurationPlatforms) = preSolution
		Debug|Any CPU = Debug|Any CPU
		Release|Any CPU = Release|Any CPU
	EndGlobalSection
	GlobalSection(ProjectConfigurationPlatforms) = postSolution
		{CE3CAFBD-25F8-422D-925A-8F9CCEA1F548}.Debug|Any CPU.ActiveCfg = Debug|Any CPU
		{CE3CAFBD-25F8-422D-925A-8F9CCEA1F548}.Debug|Any CPU.Build.0 = Debug|Any CPU
		{CE3CAFBD-25F8-422D-925A-8F9CCEA1F548}.Release|Any CPU.ActiveCfg = Release|Any CPU
		{CE3CAFBD-25F8-422D-925A-8F9CCEA1F548}.Release|Any CPU.Build.0 = Release|Any CPU
		{CA2CBE1C-5435-416B-B4E6-22D1FABA8AFF}.Debug|Any CPU.ActiveCfg = Debug|Any CPU
		{CA2CBE1C-5435-416B-B4E6-22D1FABA8AFF}.Debug|Any CPU.Build.0 = Debug|Any CPU
		{CA2CBE1C-5435-416B-B4E6-22D1FABA8AFF}.Release|Any CPU.ActiveCfg = Release|Any CPU
		{CA2CBE1C-5435-416B-B4E6-22D1FABA8AFF}.Release|Any CPU.Build.0 = Release|Any CPU
		{1E0BFD79-D221-425D-ADFF-1DF939BCFC58}.Debug|Any CPU.ActiveCfg = Debug|Any CPU
		{1E0BFD79-D221-425D-ADFF-1DF939BCFC58}.Debug|Any CPU.Build.0 = Debug|Any CPU
		{1E0BFD79-D221-425D-ADFF-1DF939BCFC58}.Release|Any CPU.ActiveCfg = Release|Any CPU
		{1E0BFD79-D221-425D-ADFF-1DF939BCFC58}.Release|Any CPU.Build.0 = Release|Any CPU
	EndGlobalSection
EndGlobal
