{
  "name": "jsii-dotnet-analyzers",
  "version": "0.17.0",
  "lockfileVersion": 1,
  "requires": true,
  "dependencies": {
    "jsii-build-tools": {
      "version": "file:../jsii-build-tools",
      "dev": true
    },
    "jsii-dotnet-runtime": {
      "version": "file:../jsii-dotnet-runtime"
    }
  }
}
