{
  "name": "jsii-dotnet-analyzers",
  "version": "0.15.0",
  "lockfileVersion": 1,
  "requires": true,
  "dependencies": {
    "jsii-build-tools": {
      "version": "file:../jsii-build-tools",
      "dev": true,
      "requires": {
        "fs-extra": "^8.1.0"
      },
      "dependencies": {
        "fs-extra": {
          "version": "8.1.0",
          "bundled": true,
          "dev": true,
          "requires": {
            "graceful-fs": "^4.2.0",
            "jsonfile": "^4.0.0",
            "universalify": "^0.1.0"
          }
        },
        "graceful-fs": {
          "version": "4.2.0",
          "bundled": true,
          "dev": true
        },
        "jsonfile": {
          "version": "4.0.0",
          "bundled": true,
          "dev": true,
          "requires": {
            "graceful-fs": "^4.1.6"
          }
        },
        "universalify": {
          "version": "0.1.2",
          "bundled": true,
          "dev": true
        }
      }
    },
    "jsii-dotnet-runtime": {
      "version": "file:../jsii-dotnet-runtime",
      "requires": {
        "jsii-dotnet-jsonmodel": "file:../jsii-dotnet-jsonmodel"
      },
      "dependencies": {
        "jsii-build-tools": {
          "version": "file:../jsii-build-tools",
          "bundled": true,
          "requires": {
            "fs-extra": "^8.1.0"
          },
          "dependencies": {
            "fs-extra": {
              "version": "8.1.0",
              "bundled": true,
              "requires": {
                "graceful-fs": "^4.2.0",
                "jsonfile": "^4.0.0",
                "universalify": "^0.1.0"
              }
            },
            "graceful-fs": {
              "version": "4.2.0",
              "bundled": true
            },
            "jsonfile": {
              "version": "4.0.0",
              "bundled": true,
              "requires": {
                "graceful-fs": "^4.1.6"
              }
            },
            "universalify": {
              "version": "0.1.2",
              "bundled": true
            }
          }
        },
        "jsii-dotnet-jsonmodel": {
          "version": "file:../jsii-dotnet-jsonmodel",
          "bundled": true,
          "dependencies": {
            "jsii-build-tools": {
              "version": "file:../jsii-build-tools",
              "bundled": true,
              "requires": {
                "fs-extra": "^8.1.0"
              },
              "dependencies": {
                "fs-extra": {
                  "version": "8.1.0",
                  "bundled": true,
                  "requires": {
                    "graceful-fs": "^4.2.0",
                    "jsonfile": "^4.0.0",
                    "universalify": "^0.1.0"
                  }
                },
                "graceful-fs": {
                  "version": "4.2.0",
                  "bundled": true
                },
                "jsonfile": {
                  "version": "4.0.0",
                  "bundled": true,
                  "requires": {
                    "graceful-fs": "^4.1.6"
                  }
                },
                "universalify": {
                  "version": "0.1.2",
                  "bundled": true
                }
              }
            },
            "typescript": {
              "version": "3.5.3",
              "bundled": true
            }
          }
        },
        "typescript": {
          "version": "3.5.3",
          "bundled": true
        }
      }
    }
  }
}
