{
	"name": "jsii-java-runtime",
	"version": "0.18.0",
	"lockfileVersion": 1,
	"requires": true,
	"dependencies": {
		"chownr": {
			"version": "1.1.2",
			"resolved": "https://registry.npmjs.org/chownr/-/chownr-1.1.2.tgz",
			"integrity": "sha512-GkfeAQh+QNy3wquu9oIZr6SS5x7wGdSgNQvD10X3r+AZr1Oys22HW8kAmDMvNg2+Dm0TeGaEuO8gFwdBXxwO8A==",
			"dev": true
		},
		"fs-minipass": {
			"version": "1.2.6",
			"resolved": "https://registry.npmjs.org/fs-minipass/-/fs-minipass-1.2.6.tgz",
			"integrity": "sha512-crhvyXcMejjv3Z5d2Fa9sf5xLYVCF5O1c71QxbVnbLsmYMBEvDAftewesN/HhY03YRoA7zOMxjNGrF5svGaaeQ==",
			"dev": true,
			"requires": {
				"minipass": "^2.2.1"
			}
		},
		"jsii-build-tools": {
			"version": "file:../jsii-build-tools",
			"dev": true
		},
		"jsii-kernel": {
			"version": "0.16.0",
			"resolved": "https://registry.npmjs.org/jsii-kernel/-/jsii-kernel-0.16.0.tgz",
			"integrity": "sha512-Vr3LPcPr3hhLYn3aVSm+zjHPurMh+ZtnW9pjbfrzAtxQnSEzFK2x2CPTJ9ldZq2wiWn1BJGNcEevRo/VZDjB6A==",
			"dev": true,
			"requires": {
				"jsii-spec": "^0.16.0",
				"source-map": "^0.7.3",
				"tar": "^4.4.10"
			}
		},
		"jsii-spec": {
			"version": "0.16.0",
			"resolved": "https://registry.npmjs.org/jsii-spec/-/jsii-spec-0.16.0.tgz",
			"integrity": "sha512-HIrWBEyHV1ZGccEsl1I7C8xk7uOJ/IJ+15QJM0JiIRMjMZ4f+V7L5gIfSoBmE5KljOWm3KuHfAitsCpRZZp6ew==",
			"dev": true,
			"requires": {
				"jsonschema": "^1.2.4"
			}
		},
		"jsonschema": {
			"version": "1.2.4",
			"resolved": "https://registry.npmjs.org/jsonschema/-/jsonschema-1.2.4.tgz",
			"integrity": "sha512-lz1nOH69GbsVHeVgEdvyavc/33oymY1AZwtePMiMj4HZPMbP5OIKK3zT9INMWjwua/V4Z4yq7wSlBbSG+g4AEw==",
			"dev": true
		},
		"minimist": {
			"version": "0.0.8",
			"resolved": "https://registry.npmjs.org/minimist/-/minimist-0.0.8.tgz",
			"integrity": "sha1-hX/Kv8M5fSYluCKCYuhqp6ARsF0=",
			"dev": true
		},
		"minipass": {
			"version": "2.6.0",
			"resolved": "https://registry.npmjs.org/minipass/-/minipass-2.6.0.tgz",
			"integrity": "sha512-OuNZ0OHrrI+jswzmgivYBZ+fAAGHZA4293d5q0z631/I9QSw3yumKB92njxHIHiB1eAdGRsE+3CcOPkoEyV5FQ==",
			"dev": true,
			"requires": {
				"safe-buffer": "^5.1.2",
				"yallist": "^3.0.0"
			}
		},
		"minizlib": {
			"version": "1.2.2",
			"resolved": "https://registry.npmjs.org/minizlib/-/minizlib-1.2.2.tgz",
			"integrity": "sha512-hR3At21uSrsjjDTWrbu0IMLTpnkpv8IIMFDFaoz43Tmu4LkmAXfH44vNNzpTnf+OAQQCHrb91y/wc2J4x5XgSQ==",
			"dev": true,
			"requires": {
				"minipass": "^2.2.1"
			}
		},
		"mkdirp": {
			"version": "0.5.1",
			"resolved": "https://registry.npmjs.org/mkdirp/-/mkdirp-0.5.1.tgz",
			"integrity": "sha1-MAV0OOrGz3+MR2fzhkjWaX11yQM=",
			"dev": true,
			"requires": {
				"minimist": "0.0.8"
			}
		},
		"safe-buffer": {
			"version": "5.2.0",
			"resolved": "https://registry.npmjs.org/safe-buffer/-/safe-buffer-5.2.0.tgz",
			"integrity": "sha512-fZEwUGbVl7kouZs1jCdMLdt95hdIv0ZeHg6L7qPeciMZhZ+/gdesW4wgTARkrFWEpspjEATAzUGPG8N2jJiwbg==",
			"dev": true
		},
		"source-map": {
			"version": "0.7.3",
			"resolved": "https://registry.npmjs.org/source-map/-/source-map-0.7.3.tgz",
			"integrity": "sha512-CkCj6giN3S+n9qrYiBTX5gystlENnRW5jZeNLHpe6aue+SrHcG5VYwujhW9s4dY31mEGsxBDrHR6oI69fTXsaQ==",
			"dev": true
		},
		"tar": {
			"version": "4.4.10",
			"resolved": "https://registry.npmjs.org/tar/-/tar-4.4.10.tgz",
			"integrity": "sha512-g2SVs5QIxvo6OLp0GudTqEf05maawKUxXru104iaayWA09551tFCTI8f1Asb4lPfkBr91k07iL4c11XO3/b0tA==",
			"dev": true,
			"requires": {
				"chownr": "^1.1.1",
				"fs-minipass": "^1.2.5",
				"minipass": "^2.3.5",
				"minizlib": "^1.2.1",
				"mkdirp": "^0.5.0",
				"safe-buffer": "^5.1.2",
				"yallist": "^3.0.3"
			}
		},
		"typescript": {
			"version": "3.6.3",
			"resolved": "https://registry.npmjs.org/typescript/-/typescript-3.6.3.tgz",
			"integrity": "sha512-N7bceJL1CtRQ2RiG0AQME13ksR7DiuQh/QehubYcghzv20tnh+MQnQIuJddTmsbqYj+dztchykemz0zFzlvdQw==",
			"dev": true
		}
	}
}
