{
	"requires": true,
	"lockfileVersion": 1,
	"dependencies": {
		"@types/node": {
			"version": "9.6.23",
			"resolved": "https://registry.npmjs.org/@types/node/-/node-9.6.23.tgz",
			"integrity": "sha512-d2SJJpwkiPudEQ3+9ysANN2Nvz4QJKUPoe/WL5zyQzI0RaEeZWH5K5xjvUIGszTItHQpFPdH+u51f6G/LkS8Cg=="
		},
		"typescript": {
			"version": "3.0.1",
			"resolved": "https://registry.npmjs.org/typescript/-/typescript-3.0.1.tgz",
			"integrity": "sha512-zQIMOmC+372pC/CCVLqnQ0zSBiY7HHodU7mpQdjiZddek4GMj31I3dUJ7gAs9o65X7mnRma6OokOkc6f9jjfBg=="
		}
	}
}
