{
	"name": "jsii-python-runtime",
	"version": "0.14.0",
	"lockfileVersion": 1,
	"requires": true,
	"dependencies": {
		"jsii-build-tools": {
			"version": "file:../jsii-build-tools",
			"requires": {
				"fs-extra": "^8.1.0"
			}
		},
		"jsii-calc": {
			"version": "file:../jsii-calc",
			"requires": {
				"@scope/jsii-calc-base": "file:../jsii-calc-base",
				"@scope/jsii-calc-base-of-base": "file:../jsii-calc-base-of-base",
				"@scope/jsii-calc-lib": "file:../jsii-calc-lib",
				"jsii-calc-bundled": "file:../jsii-calc-bundled"
			}
		}
	}
}
