{
	"name": "jsii-dotnet-runtime",
	"version": "0.8.2",
	"lockfileVersion": 1,
	"requires": true,
	"dependencies": {
		"@types/node": {
			"version": "8.10.45",
			"resolved": "https://registry.npmjs.org/@types/node/-/node-8.10.45.tgz",
			"integrity": "sha512-tGVTbA+i3qfXsLbq9rEq/hezaHY55QxQLeXQL2ejNgFAxxrgu8eMmYIOsRcl7hN1uTLVsKOOYacV/rcJM3sfgQ==",
			"dev": true
		},
		"typescript": {
			"version": "3.4.1",
			"resolved": "https://registry.npmjs.org/typescript/-/typescript-3.4.1.tgz",
			"integrity": "sha512-3NSMb2VzDQm8oBTLH6Nj55VVtUEpe/rgkIzMir0qVoLyjDZlnMBva0U6vDiV3IH+sl/Yu6oP5QwsAQtHPmDd2Q==",
			"dev": true
		}
	}
}
