{
	"name": "jsii-dotnet-runtime",
	"version": "0.7.1",
	"lockfileVersion": 1,
	"requires": true,
	"dependencies": {
		"@types/node": {
			"version": "9.6.30",
			"resolved": "https://registry.npmjs.org/@types/node/-/node-9.6.30.tgz",
			"integrity": "sha512-mFkVM9yFexPPKm0sidVyEzM8F0O06W3vZ8QnjHYa3AB1uvtPOayGKLrXlXIKOdJ7LOE+zilhxYbGPy/34QTgrw==",
			"dev": true
		},
		"typescript": {
			"version": "3.0.1",
			"resolved": "https://registry.npmjs.org/typescript/-/typescript-3.0.1.tgz",
			"integrity": "sha512-zQIMOmC+372pC/CCVLqnQ0zSBiY7HHodU7mpQdjiZddek4GMj31I3dUJ7gAs9o65X7mnRma6OokOkc6f9jjfBg==",
			"dev": true
		}
	}
}
