{
	"name": "jsii-dotnet-runtime",
	"version": "0.14.1",
	"lockfileVersion": 1,
	"requires": true,
	"dependencies": {
		"typescript": {
			"version": "3.5.3",
			"resolved": "https://registry.npmjs.org/typescript/-/typescript-3.5.3.tgz",
			"integrity": "sha512-ACzBtm/PhXBDId6a6sDJfroT2pOWt/oOnk4/dElG5G33ZL776N3Y6/6bKZJBFpd+b05F3Ct9qDjMeJmRWtE2/g==",
			"dev": true
		},
		"jsii-dotnet-jsonmodel": {
			"version": "file:../jsii-dotnet-jsonmodel"
		},
		"jsii-build-tools": {
			"version": "file:../jsii-build-tools",
			"dev": true,
			"requires": {
				"fs-extra": "^8.1.0"
			}
		}
	}
}
