{
	"requires": true,
	"lockfileVersion": 1,
	"dependencies": {
		"@types/node": {
			"version": "8.10.40",
			"resolved": "https://registry.npmjs.org/@types/node/-/node-8.10.40.tgz",
			"integrity": "sha512-RRSjdwz63kS4u7edIwJUn8NqKLLQ6LyqF/X4+4jp38MBT3Vwetewi2N4dgJEshLbDwNgOJXNYoOwzVZUSSLhkQ=="
		},
		"typescript": {
			"version": "3.3.3333",
			"resolved": "https://registry.npmjs.org/typescript/-/typescript-3.3.3333.tgz",
			"integrity": "sha512-JjSKsAfuHBE/fB2oZ8NxtRTk5iGcg6hkYXMnZ3Wc+b2RSqejEqTaem11mHASMnFilHrax3sLK0GDzcJrekZYLw=="
		}
	}
}
