{
	"name": "jsii-dotnet-jsonmodel",
	"version": "0.16.0",
	"lockfileVersion": 1,
	"requires": true,
	"dependencies": {
		"jsii-build-tools": {
			"version": "file:../jsii-build-tools",
			"dev": true
		},
		"typescript": {
			"version": "3.6.3",
			"resolved": "https://registry.npmjs.org/typescript/-/typescript-3.6.3.tgz",
			"integrity": "sha512-N7bceJL1CtRQ2RiG0AQME13ksR7DiuQh/QehubYcghzv20tnh+MQnQIuJddTmsbqYj+dztchykemz0zFzlvdQw==",
			"dev": true
		}
	}
}
