{
	"name": "jsii-java-runtime-test",
	"version": "0.7.11",
	"lockfileVersion": 1,
	"requires": true,
	"dependencies": {
		"@types/node": {
			"version": "8.10.37",
			"resolved": "https://registry.npmjs.org/@types/node/-/node-8.10.37.tgz",
			"integrity": "sha512-Jp39foY8Euv/PG4OGPyzxis82mnjcUtXLEMA8oFMCE4ilmuJgZPdV2nZNV1moz+99EJTtcpOSgDCgATUwABKig==",
			"dev": true
		}
	}
}
