{
	"requires": true,
	"lockfileVersion": 1,
	"dependencies": {
		"@types/node": {
			"version": "9.6.30",
			"resolved": "https://registry.npmjs.org/@types/node/-/node-9.6.30.tgz",
			"integrity": "sha512-mFkVM9yFexPPKm0sidVyEzM8F0O06W3vZ8QnjHYa3AB1uvtPOayGKLrXlXIKOdJ7LOE+zilhxYbGPy/34QTgrw=="
		}
	}
}
