{
	"requires": true,
	"lockfileVersion": 1,
	"dependencies": {
		"typescript": {
			"version": "3.1.6",
			"resolved": "https://registry.npmjs.org/typescript/-/typescript-3.1.6.tgz",
			"integrity": "sha512-tDMYfVtvpb96msS1lDX9MEdHrW4yOuZ4Kdc4Him9oU796XldPYF/t2+uKoX0BBa0hXXwDlqYQbXY5Rzjzc5hBA=="
		}
	}
}
