{
	"name": "jsii-dotnet-generator",
	"version": "0.14.0",
	"lockfileVersion": 1,
	"requires": true,
	"dependencies": {
		"jsii-build-tools": {
			"version": "file:../jsii-build-tools",
			"dev": true,
			"requires": {
				"fs-extra": "^8.1.0"
			}
		},
		"jsii-dotnet-jsonmodel": {
			"version": "file:../jsii-dotnet-jsonmodel"
		}
	}
}
