{
	"name": "jsii-dotnet-runtime-test",
	"version": "0.14.0",
	"lockfileVersion": 1,
	"requires": true,
	"dependencies": {
		"typescript": {
			"version": "3.5.3",
			"resolved": "https://registry.npmjs.org/typescript/-/typescript-3.5.3.tgz",
			"integrity": "sha512-ACzBtm/PhXBDId6a6sDJfroT2pOWt/oOnk4/dElG5G33ZL776N3Y6/6bKZJBFpd+b05F3Ct9qDjMeJmRWtE2/g==",
			"dev": true
		},
		"jsii-calc": {
			"version": "file:../jsii-calc",
			"dev": true,
			"requires": {
				"@scope/jsii-calc-base": "file:../jsii-calc-base",
				"@scope/jsii-calc-base-of-base": "file:../jsii-calc-base-of-base",
				"@scope/jsii-calc-lib": "file:../jsii-calc-lib",
				"jsii-calc-bundled": "file:../jsii-calc-bundled"
			}
		},
		"jsii-dotnet-runtime": {
			"version": "file:../jsii-dotnet-runtime",
			"dev": true,
			"requires": {
				"jsii-dotnet-jsonmodel": "file:../jsii-dotnet-jsonmodel"
			}
		}
	}
}
