
Microsoft Visual Studio Solution File, Format Version 12.00
# Visual Studio 15
VisualStudioVersion = 15.0.26124.0
MinimumVisualStudioVersion = 15.0.26124.0
Project("{FAE04EC0-301F-11D3-BF4B-00C04F79EFBC}") = "AWS.Jsii.Generator", "AWS.Jsii.Generator\AWS.Jsii.Generator.csproj", "{6C634941-79D4-43F1-95F6-98CFF070BA3D}"
EndProject
Project("{FAE04EC0-301F-11D3-BF4B-00C04F79EFBC}") = "AWS.Jsii.Generator.UnitTests", "AWS.Jsii.Generator.UnitTests\AWS.Jsii.Generator.UnitTests.csproj", "{D1F82EE2-73F3-4001-BD53-EA407E7DE180}"
EndProject
Project("{FAE04EC0-301F-11D3-BF4B-00C04F79EFBC}") = "AWS.Jsii.Generator.CLI", "AWS.Jsii.Generator.CLI\AWS.Jsii.Generator.CLI.csproj", "{9613D697-2F57-4818-916C-F97F1407D8C1}"
EndProject
Global
	GlobalSection(SolutionConfigurationPlatforms) = preSolution
		Debug|Any CPU = Debug|Any CPU
		Debug|x64 = Debug|x64
		Debug|x86 = Debug|x86
		Release|Any CPU = Release|Any CPU
		Release|x64 = Release|x64
		Release|x86 = Release|x86
	EndGlobalSection
	GlobalSection(SolutionProperties) = preSolution
		HideSolutionNode = FALSE
	EndGlobalSection
	GlobalSection(ProjectConfigurationPlatforms) = postSolution
		{6C634941-79D4-43F1-95F6-98CFF070BA3D}.Debug|Any CPU.ActiveCfg = Debug|Any CPU
		{6C634941-79D4-43F1-95F6-98CFF070BA3D}.Debug|Any CPU.Build.0 = Debug|Any CPU
		{6C634941-79D4-43F1-95F6-98CFF070BA3D}.Debug|x64.ActiveCfg = Debug|Any CPU
		{6C634941-79D4-43F1-95F6-98CFF070BA3D}.Debug|x64.Build.0 = Debug|Any CPU
		{6C634941-79D4-43F1-95F6-98CFF070BA3D}.Debug|x86.ActiveCfg = Debug|Any CPU
		{6C634941-79D4-43F1-95F6-98CFF070BA3D}.Debug|x86.Build.0 = Debug|Any CPU
		{6C634941-79D4-43F1-95F6-98CFF070BA3D}.Release|Any CPU.ActiveCfg = Release|Any CPU
		{6C634941-79D4-43F1-95F6-98CFF070BA3D}.Release|Any CPU.Build.0 = Release|Any CPU
		{6C634941-79D4-43F1-95F6-98CFF070BA3D}.Release|x64.ActiveCfg = Release|Any CPU
		{6C634941-79D4-43F1-95F6-98CFF070BA3D}.Release|x64.Build.0 = Release|Any CPU
		{6C634941-79D4-43F1-95F6-98CFF070BA3D}.Release|x86.ActiveCfg = Release|Any CPU
		{6C634941-79D4-43F1-95F6-98CFF070BA3D}.Release|x86.Build.0 = Release|Any CPU
		{D1F82EE2-73F3-4001-BD53-EA407E7DE180}.Debug|Any CPU.ActiveCfg = Debug|Any CPU
		{D1F82EE2-73F3-4001-BD53-EA407E7DE180}.Debug|Any CPU.Build.0 = Debug|Any CPU
		{D1F82EE2-73F3-4001-BD53-EA407E7DE180}.Debug|x64.ActiveCfg = Debug|Any CPU
		{D1F82EE2-73F3-4001-BD53-EA407E7DE180}.Debug|x64.Build.0 = Debug|Any CPU
		{D1F82EE2-73F3-4001-BD53-EA407E7DE180}.Debug|x86.ActiveCfg = Debug|Any CPU
		{D1F82EE2-73F3-4001-BD53-EA407E7DE180}.Debug|x86.Build.0 = Debug|Any CPU
		{D1F82EE2-73F3-4001-BD53-EA407E7DE180}.Release|Any CPU.ActiveCfg = Release|Any CPU
		{D1F82EE2-73F3-4001-BD53-EA407E7DE180}.Release|Any CPU.Build.0 = Release|Any CPU
		{D1F82EE2-73F3-4001-BD53-EA407E7DE180}.Release|x64.ActiveCfg = Release|Any CPU
		{D1F82EE2-73F3-4001-BD53-EA407E7DE180}.Release|x64.Build.0 = Release|Any CPU
		{D1F82EE2-73F3-4001-BD53-EA407E7DE180}.Release|x86.ActiveCfg = Release|Any CPU
		{D1F82EE2-73F3-4001-BD53-EA407E7DE180}.Release|x86.Build.0 = Release|Any CPU
		{9613D697-2F57-4818-916C-F97F1407D8C1}.Debug|Any CPU.ActiveCfg = Debug|Any CPU
		{9613D697-2F57-4818-916C-F97F1407D8C1}.Debug|Any CPU.Build.0 = Debug|Any CPU
		{9613D697-2F57-4818-916C-F97F1407D8C1}.Debug|x64.ActiveCfg = Debug|Any CPU
		{9613D697-2F57-4818-916C-F97F1407D8C1}.Debug|x64.Build.0 = Debug|Any CPU
		{9613D697-2F57-4818-916C-F97F1407D8C1}.Debug|x86.ActiveCfg = Debug|Any CPU
		{9613D697-2F57-4818-916C-F97F1407D8C1}.Debug|x86.Build.0 = Debug|Any CPU
		{9613D697-2F57-4818-916C-F97F1407D8C1}.Release|Any CPU.ActiveCfg = Release|Any CPU
		{9613D697-2F57-4818-916C-F97F1407D8C1}.Release|Any CPU.Build.0 = Release|Any CPU
		{9613D697-2F57-4818-916C-F97F1407D8C1}.Release|x64.ActiveCfg = Release|Any CPU
		{9613D697-2F57-4818-916C-F97F1407D8C1}.Release|x64.Build.0 = Release|Any CPU
		{9613D697-2F57-4818-916C-F97F1407D8C1}.Release|x86.ActiveCfg = Release|Any CPU
		{9613D697-2F57-4818-916C-F97F1407D8C1}.Release|x86.Build.0 = Release|Any CPU
	EndGlobalSection
EndGlobal
